PODS:
  - Alamofire (4.8.2)
  - Cuckoo (1.3.2):
    - Cuckoo/Swift (= 1.3.2)
  - Cuckoo/Swift (1.3.2)
  - Nimble (8.0.7)
  - Quick (2.2.0)
  - ReachabilitySwift (5.0.0)
  - RxBlocking (5.1.1):
    - RxSwift (~> 5)
  - RxCocoa (5.1.1):
    - RxRelay (~> 5)
    - RxSwift (~> 5)
  - RxRelay (5.1.1):
    - RxSwift (~> 5)
  - RxSwift (5.1.1)
  - RxTest (5.1.1):
    - RxSwift (~> 5)
  - SwiftLint (0.39.2)
  - SwiftQueue (4.1.0):
    - ReachabilitySwift (~> 5.0)

DEPENDENCIES:
  - Alamofire (~> 4.8.2)
  - Cuckoo (~> 1.3.0)
  - Nimble (~> 8)
  - Quick (~> 2.2.0)
  - RxBlocking (~> 5.1.0)
  - RxCocoa (~> 5)
  - RxSwift (~> 5)
  - RxTest (~> 5.1.0)
  - SwiftLint
  - SwiftQueue

SPEC REPOS:
  trunk:
    - Alamofire
    - Cuckoo
    - Nimble
    - Quick
    - ReachabilitySwift
    - RxBlocking
    - RxCocoa
    - RxRelay
    - RxSwift
    - RxTest
    - SwiftLint
    - SwiftQueue

SPEC CHECKSUMS:
  Alamofire: ae5c501addb7afdbb13687d7f2f722c78734c2d3
  Cuckoo: 57f71c6616b6b08cd9fe27f803da056fb619ff3e
  Nimble: a73af6ecd4c9106f434f3d55fc54570be3739e0b
  Quick: 7fb19e13be07b5dfb3b90d4f9824c855a11af40e
  ReachabilitySwift: 985039c6f7b23a1da463388634119492ff86c825
  RxBlocking: 5f700a78cad61ce253ebd37c9a39b5ccc76477b4
  RxCocoa: 32065309a38d29b5b0db858819b5bf9ef038b601
  RxRelay: d77f7d771495f43c556cbc43eebd1bb54d01e8e9
  RxSwift: 81470a2074fa8780320ea5fe4102807cb7118178
  RxTest: 711632d5644dffbeb62c936a521b5b008a1e1faa
  SwiftLint: 22ccbbe3b8008684be5955693bab135e0ed6a447
  SwiftQueue: 1bfb9b34863107020ccd8aedef36f59f505d39df

PODFILE CHECKSUM: 820bcebdd33ebe3a9cbb798d7666158a0e8a1321

COCOAPODS: 1.9.1
