// !$*UTF8*$!
{
	archiveVersion = 1;
	classes = {
	};
	objectVersion = 51;
	objects = {

/* Begin PBXBuildFile section */
		2F2D54CB5AD8EA0A8005AA99 /* Pods_SwiftQueueExample.framework in Frameworks */ = {isa = PBXBuildFile; fileRef = 41E4DFEF7373BF4797AEFD26 /* Pods_SwiftQueueExample.framework */; };
		8191D3F60669FCC84415A877 /* Pods_SwiftQueueExampleTests.framework in Frameworks */ = {isa = PBXBuildFile; fileRef = 9C3400712F59AAAA0E97881B /* Pods_SwiftQueueExampleTests.framework */; };
		AF373BFE22C71953000A5AD7 /* BaseViewModel.swift in Sources */ = {isa = PBXBuildFile; fileRef = AF373BFD22C71953000A5AD7 /* BaseViewModel.swift */; };
		AF373C0022C71963000A5AD7 /* BaseViewModelProtocol.swift in Sources */ = {isa = PBXBuildFile; fileRef = AF373BFF22C71963000A5AD7 /* BaseViewModelProtocol.swift */; };
		AF373C0222C71980000A5AD7 /* SelectPhotoViewModel.swift in Sources */ = {isa = PBXBuildFile; fileRef = AF373C0122C71980000A5AD7 /* SelectPhotoViewModel.swift */; };
		AF373C0422C71998000A5AD7 /* SelectPhotoViewModelProtocol.swift in Sources */ = {isa = PBXBuildFile; fileRef = AF373C0322C71998000A5AD7 /* SelectPhotoViewModelProtocol.swift */; };
		AF373C0722C71B2C000A5AD7 /* ImageManager.swift in Sources */ = {isa = PBXBuildFile; fileRef = AF373C0622C71B2C000A5AD7 /* ImageManager.swift */; };
		AF373C0922C71B49000A5AD7 /* ImageManagerProtocol.swift in Sources */ = {isa = PBXBuildFile; fileRef = AF373C0822C71B49000A5AD7 /* ImageManagerProtocol.swift */; };
		AF373C0B22C71BFA000A5AD7 /* ImageModel.swift in Sources */ = {isa = PBXBuildFile; fileRef = AF373C0A22C71BFA000A5AD7 /* ImageModel.swift */; };
		AF373C0D22C71F75000A5AD7 /* SelectPhotoModel.swift in Sources */ = {isa = PBXBuildFile; fileRef = AF373C0C22C71F75000A5AD7 /* SelectPhotoModel.swift */; };
		AF373C1122C77479000A5AD7 /* BaseApiHandler.swift in Sources */ = {isa = PBXBuildFile; fileRef = AF373C1022C77479000A5AD7 /* BaseApiHandler.swift */; };
		AF373C1322C774B1000A5AD7 /* BaseApiHandlerProtocol.swift in Sources */ = {isa = PBXBuildFile; fileRef = AF373C1222C774B1000A5AD7 /* BaseApiHandlerProtocol.swift */; };
		AF373C1822C77DC4000A5AD7 /* WebServiceProtocol.swift in Sources */ = {isa = PBXBuildFile; fileRef = AF373C1722C77DC4000A5AD7 /* WebServiceProtocol.swift */; };
		AF373C1A22C77DD9000A5AD7 /* WebService.swift in Sources */ = {isa = PBXBuildFile; fileRef = AF373C1922C77DD9000A5AD7 /* WebService.swift */; };
		AFE25EA822C6F1210064BE6E /* AppDelegate.swift in Sources */ = {isa = PBXBuildFile; fileRef = AFE25EA722C6F1210064BE6E /* AppDelegate.swift */; };
		AFE25EAD22C6F1210064BE6E /* Main.storyboard in Resources */ = {isa = PBXBuildFile; fileRef = AFE25EAB22C6F1210064BE6E /* Main.storyboard */; };
		AFE25EB022C6F1210064BE6E /* SwiftQueueExample.xcdatamodeld in Sources */ = {isa = PBXBuildFile; fileRef = AFE25EAE22C6F1210064BE6E /* SwiftQueueExample.xcdatamodeld */; };
		AFE25EB222C6F1230064BE6E /* Assets.xcassets in Resources */ = {isa = PBXBuildFile; fileRef = AFE25EB122C6F1230064BE6E /* Assets.xcassets */; };
		AFE25EB522C6F1230064BE6E /* LaunchScreen.storyboard in Resources */ = {isa = PBXBuildFile; fileRef = AFE25EB322C6F1230064BE6E /* LaunchScreen.storyboard */; };
		AFE25EC022C6F1240064BE6E /* SwiftQueueExampleTests.swift in Sources */ = {isa = PBXBuildFile; fileRef = AFE25EBF22C6F1240064BE6E /* SwiftQueueExampleTests.swift */; };
		AFE25ECB22C6F1240064BE6E /* SwiftQueueExampleUITests.swift in Sources */ = {isa = PBXBuildFile; fileRef = AFE25ECA22C6F1240064BE6E /* SwiftQueueExampleUITests.swift */; };
		AFE25EE422C70D850064BE6E /* BaseViewController.swift in Sources */ = {isa = PBXBuildFile; fileRef = AFE25EE322C70D850064BE6E /* BaseViewController.swift */; };
		AFE25EE722C70F330064BE6E /* SelectPhotoCollectionVC.swift in Sources */ = {isa = PBXBuildFile; fileRef = AFE25EE622C70F330064BE6E /* SelectPhotoCollectionVC.swift */; };
		AFE25EE922C70F6C0064BE6E /* PhotoCollectionCell.swift in Sources */ = {isa = PBXBuildFile; fileRef = AFE25EE822C70F6C0064BE6E /* PhotoCollectionCell.swift */; };
		C837B2957DBE17DC8E9FE2F4 /* Pods_SwiftQueueExampleUITests.framework in Frameworks */ = {isa = PBXBuildFile; fileRef = 45FC594EAB792A712DE99155 /* Pods_SwiftQueueExampleUITests.framework */; };
/* End PBXBuildFile section */

/* Begin PBXContainerItemProxy section */
		AFE25EBC22C6F1240064BE6E /* PBXContainerItemProxy */ = {
			isa = PBXContainerItemProxy;
			containerPortal = AFE25E9C22C6F1210064BE6E /* Project object */;
			proxyType = 1;
			remoteGlobalIDString = AFE25EA322C6F1210064BE6E;
			remoteInfo = SwiftQueueExample;
		};
		AFE25EC722C6F1240064BE6E /* PBXContainerItemProxy */ = {
			isa = PBXContainerItemProxy;
			containerPortal = AFE25E9C22C6F1210064BE6E /* Project object */;
			proxyType = 1;
			remoteGlobalIDString = AFE25EA322C6F1210064BE6E;
			remoteInfo = SwiftQueueExample;
		};
/* End PBXContainerItemProxy section */

/* Begin PBXFileReference section */
		145A5C34A08C00C7760D7F2A /* Pods-SwiftQueueExampleUITests.release.xcconfig */ = {isa = PBXFileReference; includeInIndex = 1; lastKnownFileType = text.xcconfig; name = "Pods-SwiftQueueExampleUITests.release.xcconfig"; path = "Target Support Files/Pods-SwiftQueueExampleUITests/Pods-SwiftQueueExampleUITests.release.xcconfig"; sourceTree = "<group>"; };
		1A4DED53916EF7D9FA5B879E /* Pods-SwiftQueueExample.release.xcconfig */ = {isa = PBXFileReference; includeInIndex = 1; lastKnownFileType = text.xcconfig; name = "Pods-SwiftQueueExample.release.xcconfig"; path = "Target Support Files/Pods-SwiftQueueExample/Pods-SwiftQueueExample.release.xcconfig"; sourceTree = "<group>"; };
		260137C8C8FEB755924EBA10 /* Pods-SwiftQueueExampleTests.debug.xcconfig */ = {isa = PBXFileReference; includeInIndex = 1; lastKnownFileType = text.xcconfig; name = "Pods-SwiftQueueExampleTests.debug.xcconfig"; path = "Target Support Files/Pods-SwiftQueueExampleTests/Pods-SwiftQueueExampleTests.debug.xcconfig"; sourceTree = "<group>"; };
		41E4DFEF7373BF4797AEFD26 /* Pods_SwiftQueueExample.framework */ = {isa = PBXFileReference; explicitFileType = wrapper.framework; includeInIndex = 0; path = Pods_SwiftQueueExample.framework; sourceTree = BUILT_PRODUCTS_DIR; };
		45FC594EAB792A712DE99155 /* Pods_SwiftQueueExampleUITests.framework */ = {isa = PBXFileReference; explicitFileType = wrapper.framework; includeInIndex = 0; path = Pods_SwiftQueueExampleUITests.framework; sourceTree = BUILT_PRODUCTS_DIR; };
		54BA70EC3EBDFD6EDDC8968E /* Pods-SwiftQueueExampleUITests.debug.xcconfig */ = {isa = PBXFileReference; includeInIndex = 1; lastKnownFileType = text.xcconfig; name = "Pods-SwiftQueueExampleUITests.debug.xcconfig"; path = "Target Support Files/Pods-SwiftQueueExampleUITests/Pods-SwiftQueueExampleUITests.debug.xcconfig"; sourceTree = "<group>"; };
		9C3400712F59AAAA0E97881B /* Pods_SwiftQueueExampleTests.framework */ = {isa = PBXFileReference; explicitFileType = wrapper.framework; includeInIndex = 0; path = Pods_SwiftQueueExampleTests.framework; sourceTree = BUILT_PRODUCTS_DIR; };
		AF373BF822C715BF000A5AD7 /* .swiftlint.yml */ = {isa = PBXFileReference; lastKnownFileType = text; path = .swiftlint.yml; sourceTree = "<group>"; };
		AF373BFD22C71953000A5AD7 /* BaseViewModel.swift */ = {isa = PBXFileReference; lastKnownFileType = sourcecode.swift; path = BaseViewModel.swift; sourceTree = "<group>"; };
		AF373BFF22C71963000A5AD7 /* BaseViewModelProtocol.swift */ = {isa = PBXFileReference; lastKnownFileType = sourcecode.swift; path = BaseViewModelProtocol.swift; sourceTree = "<group>"; };
		AF373C0122C71980000A5AD7 /* SelectPhotoViewModel.swift */ = {isa = PBXFileReference; lastKnownFileType = sourcecode.swift; path = SelectPhotoViewModel.swift; sourceTree = "<group>"; };
		AF373C0322C71998000A5AD7 /* SelectPhotoViewModelProtocol.swift */ = {isa = PBXFileReference; lastKnownFileType = sourcecode.swift; path = SelectPhotoViewModelProtocol.swift; sourceTree = "<group>"; };
		AF373C0622C71B2C000A5AD7 /* ImageManager.swift */ = {isa = PBXFileReference; lastKnownFileType = sourcecode.swift; path = ImageManager.swift; sourceTree = "<group>"; };
		AF373C0822C71B49000A5AD7 /* ImageManagerProtocol.swift */ = {isa = PBXFileReference; lastKnownFileType = sourcecode.swift; path = ImageManagerProtocol.swift; sourceTree = "<group>"; };
		AF373C0A22C71BFA000A5AD7 /* ImageModel.swift */ = {isa = PBXFileReference; lastKnownFileType = sourcecode.swift; path = ImageModel.swift; sourceTree = "<group>"; };
		AF373C0C22C71F75000A5AD7 /* SelectPhotoModel.swift */ = {isa = PBXFileReference; lastKnownFileType = sourcecode.swift; path = SelectPhotoModel.swift; sourceTree = "<group>"; };
		AF373C1022C77479000A5AD7 /* BaseApiHandler.swift */ = {isa = PBXFileReference; lastKnownFileType = sourcecode.swift; path = BaseApiHandler.swift; sourceTree = "<group>"; };
		AF373C1222C774B1000A5AD7 /* BaseApiHandlerProtocol.swift */ = {isa = PBXFileReference; lastKnownFileType = sourcecode.swift; path = BaseApiHandlerProtocol.swift; sourceTree = "<group>"; };
		AF373C1722C77DC4000A5AD7 /* WebServiceProtocol.swift */ = {isa = PBXFileReference; lastKnownFileType = sourcecode.swift; path = WebServiceProtocol.swift; sourceTree = "<group>"; };
		AF373C1922C77DD9000A5AD7 /* WebService.swift */ = {isa = PBXFileReference; lastKnownFileType = sourcecode.swift; path = WebService.swift; sourceTree = "<group>"; };
		AFE25EA422C6F1210064BE6E /* SwiftQueueExample.app */ = {isa = PBXFileReference; explicitFileType = wrapper.application; includeInIndex = 0; path = SwiftQueueExample.app; sourceTree = BUILT_PRODUCTS_DIR; };
		AFE25EA722C6F1210064BE6E /* AppDelegate.swift */ = {isa = PBXFileReference; lastKnownFileType = sourcecode.swift; path = AppDelegate.swift; sourceTree = "<group>"; };
		AFE25EAC22C6F1210064BE6E /* Base */ = {isa = PBXFileReference; lastKnownFileType = file.storyboard; name = Base; path = Base.lproj/Main.storyboard; sourceTree = "<group>"; };
		AFE25EAF22C6F1210064BE6E /* SwiftQueueExample.xcdatamodel */ = {isa = PBXFileReference; lastKnownFileType = wrapper.xcdatamodel; path = SwiftQueueExample.xcdatamodel; sourceTree = "<group>"; };
		AFE25EB122C6F1230064BE6E /* Assets.xcassets */ = {isa = PBXFileReference; lastKnownFileType = folder.assetcatalog; path = Assets.xcassets; sourceTree = "<group>"; };
		AFE25EB422C6F1230064BE6E /* Base */ = {isa = PBXFileReference; lastKnownFileType = file.storyboard; name = Base; path = Base.lproj/LaunchScreen.storyboard; sourceTree = "<group>"; };
		AFE25EB622C6F1230064BE6E /* Info.plist */ = {isa = PBXFileReference; lastKnownFileType = text.plist.xml; path = Info.plist; sourceTree = "<group>"; };
		AFE25EBB22C6F1240064BE6E /* SwiftQueueExampleTests.xctest */ = {isa = PBXFileReference; explicitFileType = wrapper.cfbundle; includeInIndex = 0; path = SwiftQueueExampleTests.xctest; sourceTree = BUILT_PRODUCTS_DIR; };
		AFE25EBF22C6F1240064BE6E /* SwiftQueueExampleTests.swift */ = {isa = PBXFileReference; lastKnownFileType = sourcecode.swift; path = SwiftQueueExampleTests.swift; sourceTree = "<group>"; };
		AFE25EC122C6F1240064BE6E /* Info.plist */ = {isa = PBXFileReference; lastKnownFileType = text.plist.xml; path = Info.plist; sourceTree = "<group>"; };
		AFE25EC622C6F1240064BE6E /* SwiftQueueExampleUITests.xctest */ = {isa = PBXFileReference; explicitFileType = wrapper.cfbundle; includeInIndex = 0; path = SwiftQueueExampleUITests.xctest; sourceTree = BUILT_PRODUCTS_DIR; };
		AFE25ECA22C6F1240064BE6E /* SwiftQueueExampleUITests.swift */ = {isa = PBXFileReference; lastKnownFileType = sourcecode.swift; path = SwiftQueueExampleUITests.swift; sourceTree = "<group>"; };
		AFE25ECC22C6F1240064BE6E /* Info.plist */ = {isa = PBXFileReference; lastKnownFileType = text.plist.xml; path = Info.plist; sourceTree = "<group>"; };
		AFE25EE322C70D850064BE6E /* BaseViewController.swift */ = {isa = PBXFileReference; lastKnownFileType = sourcecode.swift; path = BaseViewController.swift; sourceTree = "<group>"; };
		AFE25EE622C70F330064BE6E /* SelectPhotoCollectionVC.swift */ = {isa = PBXFileReference; lastKnownFileType = sourcecode.swift; path = SelectPhotoCollectionVC.swift; sourceTree = "<group>"; };
		AFE25EE822C70F6C0064BE6E /* PhotoCollectionCell.swift */ = {isa = PBXFileReference; lastKnownFileType = sourcecode.swift; path = PhotoCollectionCell.swift; sourceTree = "<group>"; };
		BB7C1C10951EEE91B46C2597 /* Pods-SwiftQueueExample.debug.xcconfig */ = {isa = PBXFileReference; includeInIndex = 1; lastKnownFileType = text.xcconfig; name = "Pods-SwiftQueueExample.debug.xcconfig"; path = "Target Support Files/Pods-SwiftQueueExample/Pods-SwiftQueueExample.debug.xcconfig"; sourceTree = "<group>"; };
		E667036012E9953BCEF61FD8 /* Pods-SwiftQueueExampleTests.release.xcconfig */ = {isa = PBXFileReference; includeInIndex = 1; lastKnownFileType = text.xcconfig; name = "Pods-SwiftQueueExampleTests.release.xcconfig"; path = "Target Support Files/Pods-SwiftQueueExampleTests/Pods-SwiftQueueExampleTests.release.xcconfig"; sourceTree = "<group>"; };
/* End PBXFileReference section */

/* Begin PBXFrameworksBuildPhase section */
		AFE25EA122C6F1210064BE6E /* Frameworks */ = {
			isa = PBXFrameworksBuildPhase;
			buildActionMask = 2147483647;
			files = (
				2F2D54CB5AD8EA0A8005AA99 /* Pods_SwiftQueueExample.framework in Frameworks */,
			);
			runOnlyForDeploymentPostprocessing = 0;
		};
		AFE25EB822C6F1240064BE6E /* Frameworks */ = {
			isa = PBXFrameworksBuildPhase;
			buildActionMask = 2147483647;
			files = (
				8191D3F60669FCC84415A877 /* Pods_SwiftQueueExampleTests.framework in Frameworks */,
			);
			runOnlyForDeploymentPostprocessing = 0;
		};
		AFE25EC322C6F1240064BE6E /* Frameworks */ = {
			isa = PBXFrameworksBuildPhase;
			buildActionMask = 2147483647;
			files = (
				C837B2957DBE17DC8E9FE2F4 /* Pods_SwiftQueueExampleUITests.framework in Frameworks */,
			);
			runOnlyForDeploymentPostprocessing = 0;
		};
/* End PBXFrameworksBuildPhase section */

/* Begin PBXGroup section */
		1DDF4C9019899E1B4F0913B0 /* Pods */ = {
			isa = PBXGroup;
			children = (
				BB7C1C10951EEE91B46C2597 /* Pods-SwiftQueueExample.debug.xcconfig */,
				1A4DED53916EF7D9FA5B879E /* Pods-SwiftQueueExample.release.xcconfig */,
				260137C8C8FEB755924EBA10 /* Pods-SwiftQueueExampleTests.debug.xcconfig */,
				E667036012E9953BCEF61FD8 /* Pods-SwiftQueueExampleTests.release.xcconfig */,
				54BA70EC3EBDFD6EDDC8968E /* Pods-SwiftQueueExampleUITests.debug.xcconfig */,
				145A5C34A08C00C7760D7F2A /* Pods-SwiftQueueExampleUITests.release.xcconfig */,
			);
			path = Pods;
			sourceTree = "<group>";
		};
		4EB368E4519F49B072B3D58E /* Frameworks */ = {
			isa = PBXGroup;
			children = (
				41E4DFEF7373BF4797AEFD26 /* Pods_SwiftQueueExample.framework */,
				9C3400712F59AAAA0E97881B /* Pods_SwiftQueueExampleTests.framework */,
				45FC594EAB792A712DE99155 /* Pods_SwiftQueueExampleUITests.framework */,
			);
			name = Frameworks;
			sourceTree = "<group>";
		};
		AF373BFB22C716B2000A5AD7 /* Models */ = {
			isa = PBXGroup;
			children = (
				AF373C0A22C71BFA000A5AD7 /* ImageModel.swift */,
				AF373C0C22C71F75000A5AD7 /* SelectPhotoModel.swift */,
			);
			path = Models;
			sourceTree = "<group>";
		};
		AF373BFC22C716BA000A5AD7 /* ViewModel */ = {
			isa = PBXGroup;
			children = (
				AF373BFF22C71963000A5AD7 /* BaseViewModelProtocol.swift */,
				AF373BFD22C71953000A5AD7 /* BaseViewModel.swift */,
				AF373C0322C71998000A5AD7 /* SelectPhotoViewModelProtocol.swift */,
				AF373C0122C71980000A5AD7 /* SelectPhotoViewModel.swift */,
			);
			path = ViewModel;
			sourceTree = "<group>";
		};
		AF373C0522C71B1D000A5AD7 /* ImageManager */ = {
			isa = PBXGroup;
			children = (
				AF373C0822C71B49000A5AD7 /* ImageManagerProtocol.swift */,
				AF373C0622C71B2C000A5AD7 /* ImageManager.swift */,
			);
			path = ImageManager;
			sourceTree = "<group>";
		};
		AF373C0F22C77467000A5AD7 /* ApiHandler */ = {
			isa = PBXGroup;
			children = (
				AF373C1222C774B1000A5AD7 /* BaseApiHandlerProtocol.swift */,
				AF373C1022C77479000A5AD7 /* BaseApiHandler.swift */,
			);
			path = ApiHandler;
			sourceTree = "<group>";
		};
		AF373C1622C77DAB000A5AD7 /* Service */ = {
			isa = PBXGroup;
			children = (
				AF373C2022C79E7D000A5AD7 /* WebService */,
				AF373C0F22C77467000A5AD7 /* ApiHandler */,
			);
			path = Service;
			sourceTree = "<group>";
		};
		AF373C2022C79E7D000A5AD7 /* WebService */ = {
			isa = PBXGroup;
			children = (
				AF373C1722C77DC4000A5AD7 /* WebServiceProtocol.swift */,
				AF373C1922C77DD9000A5AD7 /* WebService.swift */,
			);
			path = WebService;
			sourceTree = "<group>";
		};
		AFE25E9B22C6F1210064BE6E = {
			isa = PBXGroup;
			children = (
				AF373BF822C715BF000A5AD7 /* .swiftlint.yml */,
				AFE25EA622C6F1210064BE6E /* SwiftQueueExample */,
				AFE25EBE22C6F1240064BE6E /* SwiftQueueExampleTests */,
				AFE25EC922C6F1240064BE6E /* SwiftQueueExampleUITests */,
				AFE25EA522C6F1210064BE6E /* Products */,
				1DDF4C9019899E1B4F0913B0 /* Pods */,
				4EB368E4519F49B072B3D58E /* Frameworks */,
			);
			sourceTree = "<group>";
		};
		AFE25EA522C6F1210064BE6E /* Products */ = {
			isa = PBXGroup;
			children = (
				AFE25EA422C6F1210064BE6E /* SwiftQueueExample.app */,
				AFE25EBB22C6F1240064BE6E /* SwiftQueueExampleTests.xctest */,
				AFE25EC622C6F1240064BE6E /* SwiftQueueExampleUITests.xctest */,
			);
			name = Products;
			sourceTree = "<group>";
		};
		AFE25EA622C6F1210064BE6E /* SwiftQueueExample */ = {
			isa = PBXGroup;
			children = (
				AF373C1622C77DAB000A5AD7 /* Service */,
				AF373C0522C71B1D000A5AD7 /* ImageManager */,
				AF373BFB22C716B2000A5AD7 /* Models */,
				AF373BFC22C716BA000A5AD7 /* ViewModel */,
				AFE25EE022C70AE30064BE6E /* ViewController */,
				AFE25EE522C70EFE0064BE6E /* Cell */,
				AFE25ED922C6F8720064BE6E /* Resources */,
				AFE25EA722C6F1210064BE6E /* AppDelegate.swift */,
				AFE25EAB22C6F1210064BE6E /* Main.storyboard */,
				AFE25EB122C6F1230064BE6E /* Assets.xcassets */,
				AFE25EB322C6F1230064BE6E /* LaunchScreen.storyboard */,
				AFE25EB622C6F1230064BE6E /* Info.plist */,
				AFE25EAE22C6F1210064BE6E /* SwiftQueueExample.xcdatamodeld */,
			);
			path = SwiftQueueExample;
			sourceTree = "<group>";
		};
		AFE25EBE22C6F1240064BE6E /* SwiftQueueExampleTests */ = {
			isa = PBXGroup;
			children = (
				AFE25EBF22C6F1240064BE6E /* SwiftQueueExampleTests.swift */,
				AFE25EC122C6F1240064BE6E /* Info.plist */,
			);
			path = SwiftQueueExampleTests;
			sourceTree = "<group>";
		};
		AFE25EC922C6F1240064BE6E /* SwiftQueueExampleUITests */ = {
			isa = PBXGroup;
			children = (
				AFE25ECA22C6F1240064BE6E /* SwiftQueueExampleUITests.swift */,
				AFE25ECC22C6F1240064BE6E /* Info.plist */,
			);
			path = SwiftQueueExampleUITests;
			sourceTree = "<group>";
		};
		AFE25ED922C6F8720064BE6E /* Resources */ = {
			isa = PBXGroup;
			children = (
			);
			path = Resources;
			sourceTree = "<group>";
		};
		AFE25EE022C70AE30064BE6E /* ViewController */ = {
			isa = PBXGroup;
			children = (
				AFE25EE322C70D850064BE6E /* BaseViewController.swift */,
				AFE25EE622C70F330064BE6E /* SelectPhotoCollectionVC.swift */,
			);
			path = ViewController;
			sourceTree = "<group>";
		};
		AFE25EE522C70EFE0064BE6E /* Cell */ = {
			isa = PBXGroup;
			children = (
				AFE25EE822C70F6C0064BE6E /* PhotoCollectionCell.swift */,
			);
			path = Cell;
			sourceTree = "<group>";
		};
/* End PBXGroup section */

/* Begin PBXNativeTarget section */
		AFE25EA322C6F1210064BE6E /* SwiftQueueExample */ = {
			isa = PBXNativeTarget;
			buildConfigurationList = AFE25ECF22C6F1240064BE6E /* Build configuration list for PBXNativeTarget "SwiftQueueExample" */;
			buildPhases = (
				FC69F489AB0C533495A4E42B /* [CP] Check Pods Manifest.lock */,
				AFE25EA022C6F1210064BE6E /* Sources */,
				AFE25EA122C6F1210064BE6E /* Frameworks */,
				AFE25EA222C6F1210064BE6E /* Resources */,
				3D3D03C6A59BFA60882DA48B /* [CP] Embed Pods Frameworks */,
			);
			buildRules = (
			);
			dependencies = (
			);
			name = SwiftQueueExample;
			productName = SwiftQueueExample;
			productReference = AFE25EA422C6F1210064BE6E /* SwiftQueueExample.app */;
			productType = "com.apple.product-type.application";
		};
		AFE25EBA22C6F1240064BE6E /* SwiftQueueExampleTests */ = {
			isa = PBXNativeTarget;
			buildConfigurationList = AFE25ED222C6F1240064BE6E /* Build configuration list for PBXNativeTarget "SwiftQueueExampleTests" */;
			buildPhases = (
				C87792021D6457DE6C8FDE17 /* [CP] Check Pods Manifest.lock */,
				AFE25EB722C6F1240064BE6E /* Sources */,
				AFE25EB822C6F1240064BE6E /* Frameworks */,
				AFE25EB922C6F1240064BE6E /* Resources */,
				5272127AE7F8F8C91E8DBDB7 /* [CP] Embed Pods Frameworks */,
			);
			buildRules = (
			);
			dependencies = (
				AFE25EBD22C6F1240064BE6E /* PBXTargetDependency */,
			);
			name = SwiftQueueExampleTests;
			productName = SwiftQueueExampleTests;
			productReference = AFE25EBB22C6F1240064BE6E /* SwiftQueueExampleTests.xctest */;
			productType = "com.apple.product-type.bundle.unit-test";
		};
		AFE25EC522C6F1240064BE6E /* SwiftQueueExampleUITests */ = {
			isa = PBXNativeTarget;
			buildConfigurationList = AFE25ED522C6F1240064BE6E /* Build configuration list for PBXNativeTarget "SwiftQueueExampleUITests" */;
			buildPhases = (
				A2D58B44E0D764A10E81D709 /* [CP] Check Pods Manifest.lock */,
				AFE25EC222C6F1240064BE6E /* Sources */,
				AFE25EC322C6F1240064BE6E /* Frameworks */,
				AFE25EC422C6F1240064BE6E /* Resources */,
			);
			buildRules = (
			);
			dependencies = (
				AFE25EC822C6F1240064BE6E /* PBXTargetDependency */,
			);
			name = SwiftQueueExampleUITests;
			productName = SwiftQueueExampleUITests;
			productReference = AFE25EC622C6F1240064BE6E /* SwiftQueueExampleUITests.xctest */;
			productType = "com.apple.product-type.bundle.ui-testing";
		};
/* End PBXNativeTarget section */

/* Begin PBXProject section */
		AFE25E9C22C6F1210064BE6E /* Project object */ = {
			isa = PBXProject;
			attributes = {
				LastSwiftUpdateCheck = 1020;
				LastUpgradeCheck = 1020;
				ORGANIZATIONNAME = NischalHada;
				TargetAttributes = {
					AFE25EA322C6F1210064BE6E = {
						CreatedOnToolsVersion = 10.2.1;
					};
					AFE25EBA22C6F1240064BE6E = {
						CreatedOnToolsVersion = 10.2.1;
						TestTargetID = AFE25EA322C6F1210064BE6E;
					};
					AFE25EC522C6F1240064BE6E = {
						CreatedOnToolsVersion = 10.2.1;
						TestTargetID = AFE25EA322C6F1210064BE6E;
					};
				};
			};
			buildConfigurationList = AFE25E9F22C6F1210064BE6E /* Build configuration list for PBXProject "SwiftQueueExample" */;
			compatibilityVersion = "Xcode 9.3";
			developmentRegion = en;
			hasScannedForEncodings = 0;
			knownRegions = (
				en,
				Base,
			);
			mainGroup = AFE25E9B22C6F1210064BE6E;
			productRefGroup = AFE25EA522C6F1210064BE6E /* Products */;
			projectDirPath = "";
			projectRoot = "";
			targets = (
				AFE25EA322C6F1210064BE6E /* SwiftQueueExample */,
				AFE25EBA22C6F1240064BE6E /* SwiftQueueExampleTests */,
				AFE25EC522C6F1240064BE6E /* SwiftQueueExampleUITests */,
			);
		};
/* End PBXProject section */

/* Begin PBXResourcesBuildPhase section */
		AFE25EA222C6F1210064BE6E /* Resources */ = {
			isa = PBXResourcesBuildPhase;
			buildActionMask = 2147483647;
			files = (
				AFE25EB522C6F1230064BE6E /* LaunchScreen.storyboard in Resources */,
				AFE25EB222C6F1230064BE6E /* Assets.xcassets in Resources */,
				AFE25EAD22C6F1210064BE6E /* Main.storyboard in Resources */,
			);
			runOnlyForDeploymentPostprocessing = 0;
		};
		AFE25EB922C6F1240064BE6E /* Resources */ = {
			isa = PBXResourcesBuildPhase;
			buildActionMask = 2147483647;
			files = (
			);
			runOnlyForDeploymentPostprocessing = 0;
		};
		AFE25EC422C6F1240064BE6E /* Resources */ = {
			isa = PBXResourcesBuildPhase;
			buildActionMask = 2147483647;
			files = (
			);
			runOnlyForDeploymentPostprocessing = 0;
		};
/* End PBXResourcesBuildPhase section */

/* Begin PBXShellScriptBuildPhase section */
		3D3D03C6A59BFA60882DA48B /* [CP] Embed Pods Frameworks */ = {
			isa = PBXShellScriptBuildPhase;
			buildActionMask = 2147483647;
			files = (
			);
			inputFileListPaths = (
				"${PODS_ROOT}/Target Support Files/Pods-SwiftQueueExample/Pods-SwiftQueueExample-frameworks-${CONFIGURATION}-input-files.xcfilelist",
			);
			name = "[CP] Embed Pods Frameworks";
			outputFileListPaths = (
				"${PODS_ROOT}/Target Support Files/Pods-SwiftQueueExample/Pods-SwiftQueueExample-frameworks-${CONFIGURATION}-output-files.xcfilelist",
			);
			runOnlyForDeploymentPostprocessing = 0;
			shellPath = /bin/sh;
			shellScript = "\"${PODS_ROOT}/Target Support Files/Pods-SwiftQueueExample/Pods-SwiftQueueExample-frameworks.sh\"\n";
			showEnvVarsInLog = 0;
		};
		5272127AE7F8F8C91E8DBDB7 /* [CP] Embed Pods Frameworks */ = {
			isa = PBXShellScriptBuildPhase;
			buildActionMask = 2147483647;
			files = (
			);
			inputFileListPaths = (
				"${PODS_ROOT}/Target Support Files/Pods-SwiftQueueExampleTests/Pods-SwiftQueueExampleTests-frameworks-${CONFIGURATION}-input-files.xcfilelist",
			);
			name = "[CP] Embed Pods Frameworks";
			outputFileListPaths = (
				"${PODS_ROOT}/Target Support Files/Pods-SwiftQueueExampleTests/Pods-SwiftQueueExampleTests-frameworks-${CONFIGURATION}-output-files.xcfilelist",
			);
			runOnlyForDeploymentPostprocessing = 0;
			shellPath = /bin/sh;
			shellScript = "\"${PODS_ROOT}/Target Support Files/Pods-SwiftQueueExampleTests/Pods-SwiftQueueExampleTests-frameworks.sh\"\n";
			showEnvVarsInLog = 0;
		};
		A2D58B44E0D764A10E81D709 /* [CP] Check Pods Manifest.lock */ = {
			isa = PBXShellScriptBuildPhase;
			buildActionMask = 2147483647;
			files = (
			);
			inputFileListPaths = (
			);
			inputPaths = (
				"${PODS_PODFILE_DIR_PATH}/Podfile.lock",
				"${PODS_ROOT}/Manifest.lock",
			);
			name = "[CP] Check Pods Manifest.lock";
			outputFileListPaths = (
			);
			outputPaths = (
				"$(DERIVED_FILE_DIR)/Pods-SwiftQueueExampleUITests-checkManifestLockResult.txt",
			);
			runOnlyForDeploymentPostprocessing = 0;
			shellPath = /bin/sh;
			shellScript = "diff \"${PODS_PODFILE_DIR_PATH}/Podfile.lock\" \"${PODS_ROOT}/Manifest.lock\" > /dev/null\nif [ $? != 0 ] ; then\n    # print error to STDERR\n    echo \"error: The sandbox is not in sync with the Podfile.lock. Run 'pod install' or update your CocoaPods installation.\" >&2\n    exit 1\nfi\n# This output is used by Xcode 'outputs' to avoid re-running this script phase.\necho \"SUCCESS\" > \"${SCRIPT_OUTPUT_FILE_0}\"\n";
			showEnvVarsInLog = 0;
		};
		C87792021D6457DE6C8FDE17 /* [CP] Check Pods Manifest.lock */ = {
			isa = PBXShellScriptBuildPhase;
			buildActionMask = 2147483647;
			files = (
			);
			inputFileListPaths = (
			);
			inputPaths = (
				"${PODS_PODFILE_DIR_PATH}/Podfile.lock",
				"${PODS_ROOT}/Manifest.lock",
			);
			name = "[CP] Check Pods Manifest.lock";
			outputFileListPaths = (
			);
			outputPaths = (
				"$(DERIVED_FILE_DIR)/Pods-SwiftQueueExampleTests-checkManifestLockResult.txt",
			);
			runOnlyForDeploymentPostprocessing = 0;
			shellPath = /bin/sh;
			shellScript = "diff \"${PODS_PODFILE_DIR_PATH}/Podfile.lock\" \"${PODS_ROOT}/Manifest.lock\" > /dev/null\nif [ $? != 0 ] ; then\n    # print error to STDERR\n    echo \"error: The sandbox is not in sync with the Podfile.lock. Run 'pod install' or update your CocoaPods installation.\" >&2\n    exit 1\nfi\n# This output is used by Xcode 'outputs' to avoid re-running this script phase.\necho \"SUCCESS\" > \"${SCRIPT_OUTPUT_FILE_0}\"\n";
			showEnvVarsInLog = 0;
		};
		FC69F489AB0C533495A4E42B /* [CP] Check Pods Manifest.lock */ = {
			isa = PBXShellScriptBuildPhase;
			buildActionMask = 2147483647;
			files = (
			);
			inputFileListPaths = (
			);
			inputPaths = (
				"${PODS_PODFILE_DIR_PATH}/Podfile.lock",
				"${PODS_ROOT}/Manifest.lock",
			);
			name = "[CP] Check Pods Manifest.lock";
			outputFileListPaths = (
			);
			outputPaths = (
				"$(DERIVED_FILE_DIR)/Pods-SwiftQueueExample-checkManifestLockResult.txt",
			);
			runOnlyForDeploymentPostprocessing = 0;
			shellPath = /bin/sh;
			shellScript = "diff \"${PODS_PODFILE_DIR_PATH}/Podfile.lock\" \"${PODS_ROOT}/Manifest.lock\" > /dev/null\nif [ $? != 0 ] ; then\n    # print error to STDERR\n    echo \"error: The sandbox is not in sync with the Podfile.lock. Run 'pod install' or update your CocoaPods installation.\" >&2\n    exit 1\nfi\n# This output is used by Xcode 'outputs' to avoid re-running this script phase.\necho \"SUCCESS\" > \"${SCRIPT_OUTPUT_FILE_0}\"\n";
			showEnvVarsInLog = 0;
		};
/* End PBXShellScriptBuildPhase section */

/* Begin PBXSourcesBuildPhase section */
		AFE25EA022C6F1210064BE6E /* Sources */ = {
			isa = PBXSourcesBuildPhase;
			buildActionMask = 2147483647;
			files = (
				AFE25EE922C70F6C0064BE6E /* PhotoCollectionCell.swift in Sources */,
				AF373C0722C71B2C000A5AD7 /* ImageManager.swift in Sources */,
				AF373C1122C77479000A5AD7 /* BaseApiHandler.swift in Sources */,
				AF373C0D22C71F75000A5AD7 /* SelectPhotoModel.swift in Sources */,
				AF373C1A22C77DD9000A5AD7 /* WebService.swift in Sources */,
				AF373C1822C77DC4000A5AD7 /* WebServiceProtocol.swift in Sources */,
				AFE25EE422C70D850064BE6E /* BaseViewController.swift in Sources */,
				AFE25EE722C70F330064BE6E /* SelectPhotoCollectionVC.swift in Sources */,
				AF373C0222C71980000A5AD7 /* SelectPhotoViewModel.swift in Sources */,
				AF373C0422C71998000A5AD7 /* SelectPhotoViewModelProtocol.swift in Sources */,
				AFE25EA822C6F1210064BE6E /* AppDelegate.swift in Sources */,
				AF373C0B22C71BFA000A5AD7 /* ImageModel.swift in Sources */,
				AF373C1322C774B1000A5AD7 /* BaseApiHandlerProtocol.swift in Sources */,
				AF373C0922C71B49000A5AD7 /* ImageManagerProtocol.swift in Sources */,
				AFE25EB022C6F1210064BE6E /* SwiftQueueExample.xcdatamodeld in Sources */,
				AF373C0022C71963000A5AD7 /* BaseViewModelProtocol.swift in Sources */,
				AF373BFE22C71953000A5AD7 /* BaseViewModel.swift in Sources */,
			);
			runOnlyForDeploymentPostprocessing = 0;
		};
		AFE25EB722C6F1240064BE6E /* Sources */ = {
			isa = PBXSourcesBuildPhase;
			buildActionMask = 2147483647;
			files = (
				AFE25EC022C6F1240064BE6E /* SwiftQueueExampleTests.swift in Sources */,
			);
			runOnlyForDeploymentPostprocessing = 0;
		};
		AFE25EC222C6F1240064BE6E /* Sources */ = {
			isa = PBXSourcesBuildPhase;
			buildActionMask = 2147483647;
			files = (
				AFE25ECB22C6F1240064BE6E /* SwiftQueueExampleUITests.swift in Sources */,
			);
			runOnlyForDeploymentPostprocessing = 0;
		};
/* End PBXSourcesBuildPhase section */

/* Begin PBXTargetDependency section */
		AFE25EBD22C6F1240064BE6E /* PBXTargetDependency */ = {
			isa = PBXTargetDependency;
			target = AFE25EA322C6F1210064BE6E /* SwiftQueueExample */;
			targetProxy = AFE25EBC22C6F1240064BE6E /* PBXContainerItemProxy */;
		};
		AFE25EC822C6F1240064BE6E /* PBXTargetDependency */ = {
			isa = PBXTargetDependency;
			target = AFE25EA322C6F1210064BE6E /* SwiftQueueExample */;
			targetProxy = AFE25EC722C6F1240064BE6E /* PBXContainerItemProxy */;
		};
/* End PBXTargetDependency section */

/* Begin PBXVariantGroup section */
		AFE25EAB22C6F1210064BE6E /* Main.storyboard */ = {
			isa = PBXVariantGroup;
			children = (
				AFE25EAC22C6F1210064BE6E /* Base */,
			);
			name = Main.storyboard;
			sourceTree = "<group>";
		};
		AFE25EB322C6F1230064BE6E /* LaunchScreen.storyboard */ = {
			isa = PBXVariantGroup;
			children = (
				AFE25EB422C6F1230064BE6E /* Base */,
			);
			name = LaunchScreen.storyboard;
			sourceTree = "<group>";
		};
/* End PBXVariantGroup section */

/* Begin XCBuildConfiguration section */
		AFE25ECD22C6F1240064BE6E /* Debug */ = {
			isa = XCBuildConfiguration;
			buildSettings = {
				ALWAYS_SEARCH_USER_PATHS = NO;
				CLANG_ANALYZER_NONNULL = YES;
				CLANG_ANALYZER_NUMBER_OBJECT_CONVERSION = YES_AGGRESSIVE;
				CLANG_CXX_LANGUAGE_STANDARD = "gnu++14";
				CLANG_CXX_LIBRARY = "libc++";
				CLANG_ENABLE_MODULES = YES;
				CLANG_ENABLE_OBJC_ARC = YES;
				CLANG_ENABLE_OBJC_WEAK = YES;
				CLANG_WARN_BLOCK_CAPTURE_AUTORELEASING = YES;
				CLANG_WARN_BOOL_CONVERSION = YES;
				CLANG_WARN_COMMA = YES;
				CLANG_WARN_CONSTANT_CONVERSION = YES;
				CLANG_WARN_DEPRECATED_OBJC_IMPLEMENTATIONS = YES;
				CLANG_WARN_DIRECT_OBJC_ISA_USAGE = YES_ERROR;
				CLANG_WARN_DOCUMENTATION_COMMENTS = YES;
				CLANG_WARN_EMPTY_BODY = YES;
				CLANG_WARN_ENUM_CONVERSION = YES;
				CLANG_WARN_INFINITE_RECURSION = YES;
				CLANG_WARN_INT_CONVERSION = YES;
				CLANG_WARN_NON_LITERAL_NULL_CONVERSION = YES;
				CLANG_WARN_OBJC_IMPLICIT_RETAIN_SELF = YES;
				CLANG_WARN_OBJC_LITERAL_CONVERSION = YES;
				CLANG_WARN_OBJC_ROOT_CLASS = YES_ERROR;
				CLANG_WARN_RANGE_LOOP_ANALYSIS = YES;
				CLANG_WARN_STRICT_PROTOTYPES = YES;
				CLANG_WARN_SUSPICIOUS_MOVE = YES;
				CLANG_WARN_UNGUARDED_AVAILABILITY = YES_AGGRESSIVE;
				CLANG_WARN_UNREACHABLE_CODE = YES;
				CLANG_WARN__DUPLICATE_METHOD_MATCH = YES;
				CODE_SIGN_IDENTITY = "iPhone Developer";
				COPY_PHASE_STRIP = NO;
				DEBUG_INFORMATION_FORMAT = dwarf;
				ENABLE_STRICT_OBJC_MSGSEND = YES;
				ENABLE_TESTABILITY = YES;
				GCC_C_LANGUAGE_STANDARD = gnu11;
				GCC_DYNAMIC_NO_PIC = NO;
				GCC_NO_COMMON_BLOCKS = YES;
				GCC_OPTIMIZATION_LEVEL = 0;
				GCC_PREPROCESSOR_DEFINITIONS = (
					"DEBUG=1",
					"$(inherited)",
				);
				GCC_WARN_64_TO_32_BIT_CONVERSION = YES;
				GCC_WARN_ABOUT_RETURN_TYPE = YES_ERROR;
				GCC_WARN_UNDECLARED_SELECTOR = YES;
				GCC_WARN_UNINITIALIZED_AUTOS = YES_AGGRESSIVE;
				GCC_WARN_UNUSED_FUNCTION = YES;
				GCC_WARN_UNUSED_VARIABLE = YES;
				IPHONEOS_DEPLOYMENT_TARGET = 12.2;
				MTL_ENABLE_DEBUG_INFO = INCLUDE_SOURCE;
				MTL_FAST_MATH = YES;
				ONLY_ACTIVE_ARCH = YES;
				SDKROOT = iphoneos;
				SWIFT_ACTIVE_COMPILATION_CONDITIONS = DEBUG;
				SWIFT_OPTIMIZATION_LEVEL = "-Onone";
			};
			name = Debug;
		};
		AFE25ECE22C6F1240064BE6E /* Release */ = {
			isa = XCBuildConfiguration;
			buildSettings = {
				ALWAYS_SEARCH_USER_PATHS = NO;
				CLANG_ANALYZER_NONNULL = YES;
				CLANG_ANALYZER_NUMBER_OBJECT_CONVERSION = YES_AGGRESSIVE;
				CLANG_CXX_LANGUAGE_STANDARD = "gnu++14";
				CLANG_CXX_LIBRARY = "libc++";
				CLANG_ENABLE_MODULES = YES;
				CLANG_ENABLE_OBJC_ARC = YES;
				CLANG_ENABLE_OBJC_WEAK = YES;
				CLANG_WARN_BLOCK_CAPTURE_AUTORELEASING = YES;
				CLANG_WARN_BOOL_CONVERSION = YES;
				CLANG_WARN_COMMA = YES;
				CLANG_WARN_CONSTANT_CONVERSION = YES;
				CLANG_WARN_DEPRECATED_OBJC_IMPLEMENTATIONS = YES;
				CLANG_WARN_DIRECT_OBJC_ISA_USAGE = YES_ERROR;
				CLANG_WARN_DOCUMENTATION_COMMENTS = YES;
				CLANG_WARN_EMPTY_BODY = YES;
				CLANG_WARN_ENUM_CONVERSION = YES;
				CLANG_WARN_INFINITE_RECURSION = YES;
				CLANG_WARN_INT_CONVERSION = YES;
				CLANG_WARN_NON_LITERAL_NULL_CONVERSION = YES;
				CLANG_WARN_OBJC_IMPLICIT_RETAIN_SELF = YES;
				CLANG_WARN_OBJC_LITERAL_CONVERSION = YES;
				CLANG_WARN_OBJC_ROOT_CLASS = YES_ERROR;
				CLANG_WARN_RANGE_LOOP_ANALYSIS = YES;
				CLANG_WARN_STRICT_PROTOTYPES = YES;
				CLANG_WARN_SUSPICIOUS_MOVE = YES;
				CLANG_WARN_UNGUARDED_AVAILABILITY = YES_AGGRESSIVE;
				CLANG_WARN_UNREACHABLE_CODE = YES;
				CLANG_WARN__DUPLICATE_METHOD_MATCH = YES;
				CODE_SIGN_IDENTITY = "iPhone Developer";
				COPY_PHASE_STRIP = NO;
				DEBUG_INFORMATION_FORMAT = "dwarf-with-dsym";
				ENABLE_NS_ASSERTIONS = NO;
				ENABLE_STRICT_OBJC_MSGSEND = YES;
				GCC_C_LANGUAGE_STANDARD = gnu11;
				GCC_NO_COMMON_BLOCKS = YES;
				GCC_WARN_64_TO_32_BIT_CONVERSION = YES;
				GCC_WARN_ABOUT_RETURN_TYPE = YES_ERROR;
				GCC_WARN_UNDECLARED_SELECTOR = YES;
				GCC_WARN_UNINITIALIZED_AUTOS = YES_AGGRESSIVE;
				GCC_WARN_UNUSED_FUNCTION = YES;
				GCC_WARN_UNUSED_VARIABLE = YES;
				IPHONEOS_DEPLOYMENT_TARGET = 12.2;
				MTL_ENABLE_DEBUG_INFO = NO;
				MTL_FAST_MATH = YES;
				SDKROOT = iphoneos;
				SWIFT_COMPILATION_MODE = wholemodule;
				SWIFT_OPTIMIZATION_LEVEL = "-O";
				VALIDATE_PRODUCT = YES;
			};
			name = Release;
		};
		AFE25ED022C6F1240064BE6E /* Debug */ = {
			isa = XCBuildConfiguration;
			baseConfigurationReference = BB7C1C10951EEE91B46C2597 /* Pods-SwiftQueueExample.debug.xcconfig */;
			buildSettings = {
				ASSETCATALOG_COMPILER_APPICON_NAME = AppIcon;
				CODE_SIGN_STYLE = Automatic;
				DEVELOPMENT_TEAM = 8K9W8TZ624;
				INFOPLIST_FILE = SwiftQueueExample/Info.plist;
				LD_RUNPATH_SEARCH_PATHS = (
					"$(inherited)",
					"@executable_path/Frameworks",
				);
				PRODUCT_BUNDLE_IDENTIFIER = Nischalhada.SwiftQueueExample;
				PRODUCT_NAME = "$(TARGET_NAME)";
				SWIFT_VERSION = 5.0;
				TARGETED_DEVICE_FAMILY = "1,2";
			};
			name = Debug;
		};
		AFE25ED122C6F1240064BE6E /* Release */ = {
			isa = XCBuildConfiguration;
			baseConfigurationReference = 1A4DED53916EF7D9FA5B879E /* Pods-SwiftQueueExample.release.xcconfig */;
			buildSettings = {
				ASSETCATALOG_COMPILER_APPICON_NAME = AppIcon;
				CODE_SIGN_STYLE = Automatic;
				DEVELOPMENT_TEAM = 8K9W8TZ624;
				INFOPLIST_FILE = SwiftQueueExample/Info.plist;
				LD_RUNPATH_SEARCH_PATHS = (
					"$(inherited)",
					"@executable_path/Frameworks",
				);
				PRODUCT_BUNDLE_IDENTIFIER = Nischalhada.SwiftQueueExample;
				PRODUCT_NAME = "$(TARGET_NAME)";
				SWIFT_VERSION = 5.0;
				TARGETED_DEVICE_FAMILY = "1,2";
			};
			name = Release;
		};
		AFE25ED322C6F1240064BE6E /* Debug */ = {
			isa = XCBuildConfiguration;
			baseConfigurationReference = 260137C8C8FEB755924EBA10 /* Pods-SwiftQueueExampleTests.debug.xcconfig */;
			buildSettings = {
				ALWAYS_EMBED_SWIFT_STANDARD_LIBRARIES = YES;
				BUNDLE_LOADER = "$(TEST_HOST)";
				CODE_SIGN_STYLE = Automatic;
				DEVELOPMENT_TEAM = 8K9W8TZ624;
				INFOPLIST_FILE = SwiftQueueExampleTests/Info.plist;
				LD_RUNPATH_SEARCH_PATHS = (
					"$(inherited)",
					"@executable_path/Frameworks",
					"@loader_path/Frameworks",
				);
				PRODUCT_BUNDLE_IDENTIFIER = Nischalhada.SwiftQueueExampleTests;
				PRODUCT_NAME = "$(TARGET_NAME)";
				SWIFT_VERSION = 5.0;
				TARGETED_DEVICE_FAMILY = "1,2";
				TEST_HOST = "$(BUILT_PRODUCTS_DIR)/SwiftQueueExample.app/SwiftQueueExample";
			};
			name = Debug;
		};
		AFE25ED422C6F1240064BE6E /* Release */ = {
			isa = XCBuildConfiguration;
			baseConfigurationReference = E667036012E9953BCEF61FD8 /* Pods-SwiftQueueExampleTests.release.xcconfig */;
			buildSettings = {
				ALWAYS_EMBED_SWIFT_STANDARD_LIBRARIES = YES;
				BUNDLE_LOADER = "$(TEST_HOST)";
				CODE_SIGN_STYLE = Automatic;
				DEVELOPMENT_TEAM = 8K9W8TZ624;
				INFOPLIST_FILE = SwiftQueueExampleTests/Info.plist;
				LD_RUNPATH_SEARCH_PATHS = (
					"$(inherited)",
					"@executable_path/Frameworks",
					"@loader_path/Frameworks",
				);
				PRODUCT_BUNDLE_IDENTIFIER = Nischalhada.SwiftQueueExampleTests;
				PRODUCT_NAME = "$(TARGET_NAME)";
				SWIFT_VERSION = 5.0;
				TARGETED_DEVICE_FAMILY = "1,2";
				TEST_HOST = "$(BUILT_PRODUCTS_DIR)/SwiftQueueExample.app/SwiftQueueExample";
			};
			name = Release;
		};
		AFE25ED622C6F1240064BE6E /* Debug */ = {
			isa = XCBuildConfiguration;
			baseConfigurationReference = 54BA70EC3EBDFD6EDDC8968E /* Pods-SwiftQueueExampleUITests.debug.xcconfig */;
			buildSettings = {
				ALWAYS_EMBED_SWIFT_STANDARD_LIBRARIES = YES;
				CODE_SIGN_STYLE = Automatic;
				DEVELOPMENT_TEAM = 8K9W8TZ624;
				INFOPLIST_FILE = SwiftQueueExampleUITests/Info.plist;
				LD_RUNPATH_SEARCH_PATHS = (
					"$(inherited)",
					"@executable_path/Frameworks",
					"@loader_path/Frameworks",
				);
				PRODUCT_BUNDLE_IDENTIFIER = Nischalhada.SwiftQueueExampleUITests;
				PRODUCT_NAME = "$(TARGET_NAME)";
				SWIFT_VERSION = 5.0;
				TARGETED_DEVICE_FAMILY = "1,2";
				TEST_TARGET_NAME = SwiftQueueExample;
			};
			name = Debug;
		};
		AFE25ED722C6F1240064BE6E /* Release */ = {
			isa = XCBuildConfiguration;
			baseConfigurationReference = 145A5C34A08C00C7760D7F2A /* Pods-SwiftQueueExampleUITests.release.xcconfig */;
			buildSettings = {
				ALWAYS_EMBED_SWIFT_STANDARD_LIBRARIES = YES;
				CODE_SIGN_STYLE = Automatic;
				DEVELOPMENT_TEAM = 8K9W8TZ624;
				INFOPLIST_FILE = SwiftQueueExampleUITests/Info.plist;
				LD_RUNPATH_SEARCH_PATHS = (
					"$(inherited)",
					"@executable_path/Frameworks",
					"@loader_path/Frameworks",
				);
				PRODUCT_BUNDLE_IDENTIFIER = Nischalhada.SwiftQueueExampleUITests;
				PRODUCT_NAME = "$(TARGET_NAME)";
				SWIFT_VERSION = 5.0;
				TARGETED_DEVICE_FAMILY = "1,2";
				TEST_TARGET_NAME = SwiftQueueExample;
			};
			name = Release;
		};
/* End XCBuildConfiguration section */

/* Begin XCConfigurationList section */
		AFE25E9F22C6F1210064BE6E /* Build configuration list for PBXProject "SwiftQueueExample" */ = {
			isa = XCConfigurationList;
			buildConfigurations = (
				AFE25ECD22C6F1240064BE6E /* Debug */,
				AFE25ECE22C6F1240064BE6E /* Release */,
			);
			defaultConfigurationIsVisible = 0;
			defaultConfigurationName = Release;
		};
		AFE25ECF22C6F1240064BE6E /* Build configuration list for PBXNativeTarget "SwiftQueueExample" */ = {
			isa = XCConfigurationList;
			buildConfigurations = (
				AFE25ED022C6F1240064BE6E /* Debug */,
				AFE25ED122C6F1240064BE6E /* Release */,
			);
			defaultConfigurationIsVisible = 0;
			defaultConfigurationName = Release;
		};
		AFE25ED222C6F1240064BE6E /* Build configuration list for PBXNativeTarget "SwiftQueueExampleTests" */ = {
			isa = XCConfigurationList;
			buildConfigurations = (
				AFE25ED322C6F1240064BE6E /* Debug */,
				AFE25ED422C6F1240064BE6E /* Release */,
			);
			defaultConfigurationIsVisible = 0;
			defaultConfigurationName = Release;
		};
		AFE25ED522C6F1240064BE6E /* Build configuration list for PBXNativeTarget "SwiftQueueExampleUITests" */ = {
			isa = XCConfigurationList;
			buildConfigurations = (
				AFE25ED622C6F1240064BE6E /* Debug */,
				AFE25ED722C6F1240064BE6E /* Release */,
			);
			defaultConfigurationIsVisible = 0;
			defaultConfigurationName = Release;
		};
/* End XCConfigurationList section */

/* Begin XCVersionGroup section */
		AFE25EAE22C6F1210064BE6E /* SwiftQueueExample.xcdatamodeld */ = {
			isa = XCVersionGroup;
			children = (
				AFE25EAF22C6F1210064BE6E /* SwiftQueueExample.xcdatamodel */,
			);
			currentVersion = AFE25EAF22C6F1210064BE6E /* SwiftQueueExample.xcdatamodel */;
			path = SwiftQueueExample.xcdatamodeld;
			sourceTree = "<group>";
			versionGroupType = wrapper.xcdatamodel;
		};
/* End XCVersionGroup section */
	};
	rootObject = AFE25E9C22C6F1210064BE6E /* Project object */;
}
