// !$*UTF8*$!
{
	archiveVersion = 1;
	classes = {
	};
	objectVersion = 51;
	objects = {

/* Begin PBXBuildFile section */
		12285E250E56098BD442DFB2 /* Pods_SwiftQueueExampleTests.framework in Frameworks */ = {isa = PBXBuildFile; fileRef = F055D1633C0BE7D4338FE033 /* Pods_SwiftQueueExampleTests.framework */; };
		AF18C88922C8453F008C8B55 /* BaseApiHandlerTests.swift in Sources */ = {isa = PBXBuildFile; fileRef = AF18C88822C8453F008C8B55 /* BaseApiHandlerTests.swift */; };
		AF18C88C22C84BD8008C8B55 /* MaterializedSequenceResult.swift in Sources */ = {isa = PBXBuildFile; fileRef = AF18C88B22C84BD8008C8B55 /* MaterializedSequenceResult.swift */; };
		AF18C88F22C84DD7008C8B55 /* SwiftQueueExampleUITests.swift in Sources */ = {isa = PBXBuildFile; fileRef = AFE25ECA22C6F1240064BE6E /* SwiftQueueExampleUITests.swift */; };
		AF18C89022C84E26008C8B55 /* GeneratedMocks.swift in Sources */ = {isa = PBXBuildFile; fileRef = AF18C88622C840AC008C8B55 /* GeneratedMocks.swift */; };
		AF373BFE22C71953000A5AD7 /* BaseViewModel.swift in Sources */ = {isa = PBXBuildFile; fileRef = AF373BFD22C71953000A5AD7 /* BaseViewModel.swift */; };
		AF373C0022C71963000A5AD7 /* BaseViewModelProtocol.swift in Sources */ = {isa = PBXBuildFile; fileRef = AF373BFF22C71963000A5AD7 /* BaseViewModelProtocol.swift */; };
		AF373C0222C71980000A5AD7 /* SelectPhotoViewModel.swift in Sources */ = {isa = PBXBuildFile; fileRef = AF373C0122C71980000A5AD7 /* SelectPhotoViewModel.swift */; };
		AF373C0422C71998000A5AD7 /* SelectPhotoViewModelProtocol.swift in Sources */ = {isa = PBXBuildFile; fileRef = AF373C0322C71998000A5AD7 /* SelectPhotoViewModelProtocol.swift */; };
		AF373C0722C71B2C000A5AD7 /* ImageManager.swift in Sources */ = {isa = PBXBuildFile; fileRef = AF373C0622C71B2C000A5AD7 /* ImageManager.swift */; };
		AF373C0922C71B49000A5AD7 /* ImageManagerProtocol.swift in Sources */ = {isa = PBXBuildFile; fileRef = AF373C0822C71B49000A5AD7 /* ImageManagerProtocol.swift */; };
		AF373C0B22C71BFA000A5AD7 /* ImageModel.swift in Sources */ = {isa = PBXBuildFile; fileRef = AF373C0A22C71BFA000A5AD7 /* ImageModel.swift */; };
		AF373C0D22C71F75000A5AD7 /* SelectPhotoModel.swift in Sources */ = {isa = PBXBuildFile; fileRef = AF373C0C22C71F75000A5AD7 /* SelectPhotoModel.swift */; };
		AF373C1122C77479000A5AD7 /* BaseApiHandler.swift in Sources */ = {isa = PBXBuildFile; fileRef = AF373C1022C77479000A5AD7 /* BaseApiHandler.swift */; };
		AF373C1322C774B1000A5AD7 /* BaseApiHandlerProtocol.swift in Sources */ = {isa = PBXBuildFile; fileRef = AF373C1222C774B1000A5AD7 /* BaseApiHandlerProtocol.swift */; };
		AF373C1822C77DC4000A5AD7 /* WebServiceProtocol.swift in Sources */ = {isa = PBXBuildFile; fileRef = AF373C1722C77DC4000A5AD7 /* WebServiceProtocol.swift */; };
		AF373C1A22C77DD9000A5AD7 /* WebService.swift in Sources */ = {isa = PBXBuildFile; fileRef = AF373C1922C77DD9000A5AD7 /* WebService.swift */; };
		AF373C2D22C7A005000A5AD7 /* QueueManager.swift in Sources */ = {isa = PBXBuildFile; fileRef = AF373C2322C7A005000A5AD7 /* QueueManager.swift */; };
		AF373C2E22C7A005000A5AD7 /* QueueManagerBuilder.swift in Sources */ = {isa = PBXBuildFile; fileRef = AF373C2422C7A005000A5AD7 /* QueueManagerBuilder.swift */; };
		AF373C2F22C7A005000A5AD7 /* QueueManagerProtocol.swift in Sources */ = {isa = PBXBuildFile; fileRef = AF373C2522C7A005000A5AD7 /* QueueManagerProtocol.swift */; };
		AF373C3022C7A005000A5AD7 /* QueueJobCreator.swift in Sources */ = {isa = PBXBuildFile; fileRef = AF373C2722C7A005000A5AD7 /* QueueJobCreator.swift */; };
		AF373C3122C7A005000A5AD7 /* JobHandler.swift in Sources */ = {isa = PBXBuildFile; fileRef = AF373C2822C7A005000A5AD7 /* JobHandler.swift */; };
		AF373C3222C7A005000A5AD7 /* JobModel.swift in Sources */ = {isa = PBXBuildFile; fileRef = AF373C2A22C7A005000A5AD7 /* JobModel.swift */; };
		AF373C3322C7A005000A5AD7 /* JobType.swift in Sources */ = {isa = PBXBuildFile; fileRef = AF373C2B22C7A005000A5AD7 /* JobType.swift */; };
		AF373C3422C7A005000A5AD7 /* JobProtocol.swift in Sources */ = {isa = PBXBuildFile; fileRef = AF373C2C22C7A005000A5AD7 /* JobProtocol.swift */; };
		AFB5207922C86063004E6509 /* BaseViewModelTests.swift in Sources */ = {isa = PBXBuildFile; fileRef = AFB5207822C86063004E6509 /* BaseViewModelTests.swift */; };
		AFB5207D22C873EB004E6509 /* SelectPhotoViewModelTests.swift in Sources */ = {isa = PBXBuildFile; fileRef = AFB5207C22C873EB004E6509 /* SelectPhotoViewModelTests.swift */; };
		AFB5208022C877C1004E6509 /* MockData.swift in Sources */ = {isa = PBXBuildFile; fileRef = AFB5207F22C877C1004E6509 /* MockData.swift */; };
		AFB5208222C88308004E6509 /* JobHandlerTests.swift in Sources */ = {isa = PBXBuildFile; fileRef = AFB5208122C88308004E6509 /* JobHandlerTests.swift */; };
		AFB5208422C884E3004E6509 /* MockJobResult.swift in Sources */ = {isa = PBXBuildFile; fileRef = AFB5208322C884E3004E6509 /* MockJobResult.swift */; };
		AFB5208622C88AD1004E6509 /* QueueManagerTests.swift in Sources */ = {isa = PBXBuildFile; fileRef = AFB5208522C88AD1004E6509 /* QueueManagerTests.swift */; };
		AFE25EA822C6F1210064BE6E /* AppDelegate.swift in Sources */ = {isa = PBXBuildFile; fileRef = AFE25EA722C6F1210064BE6E /* AppDelegate.swift */; };
		AFE25EAD22C6F1210064BE6E /* Main.storyboard in Resources */ = {isa = PBXBuildFile; fileRef = AFE25EAB22C6F1210064BE6E /* Main.storyboard */; };
		AFE25EB022C6F1210064BE6E /* SwiftQueueExample.xcdatamodeld in Sources */ = {isa = PBXBuildFile; fileRef = AFE25EAE22C6F1210064BE6E /* SwiftQueueExample.xcdatamodeld */; };
		AFE25EB222C6F1230064BE6E /* Assets.xcassets in Resources */ = {isa = PBXBuildFile; fileRef = AFE25EB122C6F1230064BE6E /* Assets.xcassets */; };
		AFE25EB522C6F1230064BE6E /* LaunchScreen.storyboard in Resources */ = {isa = PBXBuildFile; fileRef = AFE25EB322C6F1230064BE6E /* LaunchScreen.storyboard */; };
		AFE25EE422C70D850064BE6E /* BaseViewController.swift in Sources */ = {isa = PBXBuildFile; fileRef = AFE25EE322C70D850064BE6E /* BaseViewController.swift */; };
		AFE25EE722C70F330064BE6E /* SelectPhotoCollectionVC.swift in Sources */ = {isa = PBXBuildFile; fileRef = AFE25EE622C70F330064BE6E /* SelectPhotoCollectionVC.swift */; };
		AFE25EE922C70F6C0064BE6E /* PhotoCollectionCell.swift in Sources */ = {isa = PBXBuildFile; fileRef = AFE25EE822C70F6C0064BE6E /* PhotoCollectionCell.swift */; };
		AFE424F522EF189D00815A39 /* PhotoLibraryHelper.swift in Sources */ = {isa = PBXBuildFile; fileRef = AFE424F422EF189D00815A39 /* PhotoLibraryHelper.swift */; };
		AFE424F722EF18B200815A39 /* PhotoLibraryHelperProtocol.swift in Sources */ = {isa = PBXBuildFile; fileRef = AFE424F622EF18B200815A39 /* PhotoLibraryHelperProtocol.swift */; };
		AFE424F922EF193C00815A39 /* PhotoAuthorizationStatus.swift in Sources */ = {isa = PBXBuildFile; fileRef = AFE424F822EF193C00815A39 /* PhotoAuthorizationStatus.swift */; };
		AFF2E84722CA188E00B78383 /* UIViewController.swift in Sources */ = {isa = PBXBuildFile; fileRef = AFF2E84622CA188E00B78383 /* UIViewController.swift */; };
		F9F252BB4125D58E752719AC /* Pods_SwiftQueueExampleUITests.framework in Frameworks */ = {isa = PBXBuildFile; fileRef = 4FDC206DBCBD6524E0ADEA7A /* Pods_SwiftQueueExampleUITests.framework */; };
		FEAB33A6ED69FE6AD1AAE66B /* Pods_SwiftQueueExample.framework in Frameworks */ = {isa = PBXBuildFile; fileRef = 62039DD339180FAB779C58B6 /* Pods_SwiftQueueExample.framework */; };
/* End PBXBuildFile section */

/* Begin PBXContainerItemProxy section */
		AFE25EBC22C6F1240064BE6E /* PBXContainerItemProxy */ = {
			isa = PBXContainerItemProxy;
			containerPortal = AFE25E9C22C6F1210064BE6E /* Project object */;
			proxyType = 1;
			remoteGlobalIDString = AFE25EA322C6F1210064BE6E;
			remoteInfo = SwiftQueueExample;
		};
		AFE25EC722C6F1240064BE6E /* PBXContainerItemProxy */ = {
			isa = PBXContainerItemProxy;
			containerPortal = AFE25E9C22C6F1210064BE6E /* Project object */;
			proxyType = 1;
			remoteGlobalIDString = AFE25EA322C6F1210064BE6E;
			remoteInfo = SwiftQueueExample;
		};
/* End PBXContainerItemProxy section */

/* Begin PBXFileReference section */
		0A87CBB801A73FCCD41C949F /* Pods-SwiftQueueExampleUITests.debug.xcconfig */ = {isa = PBXFileReference; includeInIndex = 1; lastKnownFileType = text.xcconfig; name = "Pods-SwiftQueueExampleUITests.debug.xcconfig"; path = "Target Support Files/Pods-SwiftQueueExampleUITests/Pods-SwiftQueueExampleUITests.debug.xcconfig"; sourceTree = "<group>"; };
		1CB800617C739752FDE635C1 /* Pods-SwiftQueueExample.debug.xcconfig */ = {isa = PBXFileReference; includeInIndex = 1; lastKnownFileType = text.xcconfig; name = "Pods-SwiftQueueExample.debug.xcconfig"; path = "Target Support Files/Pods-SwiftQueueExample/Pods-SwiftQueueExample.debug.xcconfig"; sourceTree = "<group>"; };
		3F6BB682F1B4843467C4BC10 /* Pods-SwiftQueueExampleUITests.release.xcconfig */ = {isa = PBXFileReference; includeInIndex = 1; lastKnownFileType = text.xcconfig; name = "Pods-SwiftQueueExampleUITests.release.xcconfig"; path = "Target Support Files/Pods-SwiftQueueExampleUITests/Pods-SwiftQueueExampleUITests.release.xcconfig"; sourceTree = "<group>"; };
		4FDC206DBCBD6524E0ADEA7A /* Pods_SwiftQueueExampleUITests.framework */ = {isa = PBXFileReference; explicitFileType = wrapper.framework; includeInIndex = 0; path = Pods_SwiftQueueExampleUITests.framework; sourceTree = BUILT_PRODUCTS_DIR; };
		62039DD339180FAB779C58B6 /* Pods_SwiftQueueExample.framework */ = {isa = PBXFileReference; explicitFileType = wrapper.framework; includeInIndex = 0; path = Pods_SwiftQueueExample.framework; sourceTree = BUILT_PRODUCTS_DIR; };
		A6E29CC465D750A3DAE32165 /* Pods-SwiftQueueExample.release.xcconfig */ = {isa = PBXFileReference; includeInIndex = 1; lastKnownFileType = text.xcconfig; name = "Pods-SwiftQueueExample.release.xcconfig"; path = "Target Support Files/Pods-SwiftQueueExample/Pods-SwiftQueueExample.release.xcconfig"; sourceTree = "<group>"; };
		AF18C88622C840AC008C8B55 /* GeneratedMocks.swift */ = {isa = PBXFileReference; fileEncoding = 4; lastKnownFileType = sourcecode.swift; path = GeneratedMocks.swift; sourceTree = "<group>"; };
		AF18C88822C8453F008C8B55 /* BaseApiHandlerTests.swift */ = {isa = PBXFileReference; lastKnownFileType = sourcecode.swift; path = BaseApiHandlerTests.swift; sourceTree = "<group>"; };
		AF18C88B22C84BD8008C8B55 /* MaterializedSequenceResult.swift */ = {isa = PBXFileReference; lastKnownFileType = sourcecode.swift; path = MaterializedSequenceResult.swift; sourceTree = "<group>"; };
		AF373BF822C715BF000A5AD7 /* .swiftlint.yml */ = {isa = PBXFileReference; lastKnownFileType = text; path = .swiftlint.yml; sourceTree = "<group>"; };
		AF373BFD22C71953000A5AD7 /* BaseViewModel.swift */ = {isa = PBXFileReference; lastKnownFileType = sourcecode.swift; path = BaseViewModel.swift; sourceTree = "<group>"; };
		AF373BFF22C71963000A5AD7 /* BaseViewModelProtocol.swift */ = {isa = PBXFileReference; lastKnownFileType = sourcecode.swift; path = BaseViewModelProtocol.swift; sourceTree = "<group>"; };
		AF373C0122C71980000A5AD7 /* SelectPhotoViewModel.swift */ = {isa = PBXFileReference; lastKnownFileType = sourcecode.swift; path = SelectPhotoViewModel.swift; sourceTree = "<group>"; };
		AF373C0322C71998000A5AD7 /* SelectPhotoViewModelProtocol.swift */ = {isa = PBXFileReference; lastKnownFileType = sourcecode.swift; path = SelectPhotoViewModelProtocol.swift; sourceTree = "<group>"; };
		AF373C0622C71B2C000A5AD7 /* ImageManager.swift */ = {isa = PBXFileReference; lastKnownFileType = sourcecode.swift; path = ImageManager.swift; sourceTree = "<group>"; };
		AF373C0822C71B49000A5AD7 /* ImageManagerProtocol.swift */ = {isa = PBXFileReference; lastKnownFileType = sourcecode.swift; path = ImageManagerProtocol.swift; sourceTree = "<group>"; };
		AF373C0A22C71BFA000A5AD7 /* ImageModel.swift */ = {isa = PBXFileReference; lastKnownFileType = sourcecode.swift; path = ImageModel.swift; sourceTree = "<group>"; };
		AF373C0C22C71F75000A5AD7 /* SelectPhotoModel.swift */ = {isa = PBXFileReference; lastKnownFileType = sourcecode.swift; path = SelectPhotoModel.swift; sourceTree = "<group>"; };
		AF373C1022C77479000A5AD7 /* BaseApiHandler.swift */ = {isa = PBXFileReference; lastKnownFileType = sourcecode.swift; path = BaseApiHandler.swift; sourceTree = "<group>"; };
		AF373C1222C774B1000A5AD7 /* BaseApiHandlerProtocol.swift */ = {isa = PBXFileReference; lastKnownFileType = sourcecode.swift; path = BaseApiHandlerProtocol.swift; sourceTree = "<group>"; };
		AF373C1722C77DC4000A5AD7 /* WebServiceProtocol.swift */ = {isa = PBXFileReference; lastKnownFileType = sourcecode.swift; path = WebServiceProtocol.swift; sourceTree = "<group>"; };
		AF373C1922C77DD9000A5AD7 /* WebService.swift */ = {isa = PBXFileReference; lastKnownFileType = sourcecode.swift; path = WebService.swift; sourceTree = "<group>"; };
		AF373C2322C7A005000A5AD7 /* QueueManager.swift */ = {isa = PBXFileReference; fileEncoding = 4; lastKnownFileType = sourcecode.swift; path = QueueManager.swift; sourceTree = "<group>"; };
		AF373C2422C7A005000A5AD7 /* QueueManagerBuilder.swift */ = {isa = PBXFileReference; fileEncoding = 4; lastKnownFileType = sourcecode.swift; path = QueueManagerBuilder.swift; sourceTree = "<group>"; };
		AF373C2522C7A005000A5AD7 /* QueueManagerProtocol.swift */ = {isa = PBXFileReference; fileEncoding = 4; lastKnownFileType = sourcecode.swift; path = QueueManagerProtocol.swift; sourceTree = "<group>"; };
		AF373C2722C7A005000A5AD7 /* QueueJobCreator.swift */ = {isa = PBXFileReference; fileEncoding = 4; lastKnownFileType = sourcecode.swift; path = QueueJobCreator.swift; sourceTree = "<group>"; };
		AF373C2822C7A005000A5AD7 /* JobHandler.swift */ = {isa = PBXFileReference; fileEncoding = 4; lastKnownFileType = sourcecode.swift; path = JobHandler.swift; sourceTree = "<group>"; };
		AF373C2A22C7A005000A5AD7 /* JobModel.swift */ = {isa = PBXFileReference; fileEncoding = 4; lastKnownFileType = sourcecode.swift; path = JobModel.swift; sourceTree = "<group>"; };
		AF373C2B22C7A005000A5AD7 /* JobType.swift */ = {isa = PBXFileReference; fileEncoding = 4; lastKnownFileType = sourcecode.swift; path = JobType.swift; sourceTree = "<group>"; };
		AF373C2C22C7A005000A5AD7 /* JobProtocol.swift */ = {isa = PBXFileReference; fileEncoding = 4; lastKnownFileType = sourcecode.swift; path = JobProtocol.swift; sourceTree = "<group>"; };
		AFB5207822C86063004E6509 /* BaseViewModelTests.swift */ = {isa = PBXFileReference; lastKnownFileType = sourcecode.swift; path = BaseViewModelTests.swift; sourceTree = "<group>"; };
		AFB5207C22C873EB004E6509 /* SelectPhotoViewModelTests.swift */ = {isa = PBXFileReference; lastKnownFileType = sourcecode.swift; path = SelectPhotoViewModelTests.swift; sourceTree = "<group>"; };
		AFB5207F22C877C1004E6509 /* MockData.swift */ = {isa = PBXFileReference; lastKnownFileType = sourcecode.swift; path = MockData.swift; sourceTree = "<group>"; };
		AFB5208122C88308004E6509 /* JobHandlerTests.swift */ = {isa = PBXFileReference; lastKnownFileType = sourcecode.swift; path = JobHandlerTests.swift; sourceTree = "<group>"; };
		AFB5208322C884E3004E6509 /* MockJobResult.swift */ = {isa = PBXFileReference; lastKnownFileType = sourcecode.swift; path = MockJobResult.swift; sourceTree = "<group>"; };
		AFB5208522C88AD1004E6509 /* QueueManagerTests.swift */ = {isa = PBXFileReference; lastKnownFileType = sourcecode.swift; path = QueueManagerTests.swift; sourceTree = "<group>"; };
		AFC165DB22C837C200FE462F /* Cuckoo-GeneratedMocks.sh */ = {isa = PBXFileReference; lastKnownFileType = text.script.sh; path = "Cuckoo-GeneratedMocks.sh"; sourceTree = "<group>"; };
		AFE25EA422C6F1210064BE6E /* SwiftQueueExample.app */ = {isa = PBXFileReference; explicitFileType = wrapper.application; includeInIndex = 0; path = SwiftQueueExample.app; sourceTree = BUILT_PRODUCTS_DIR; };
		AFE25EA722C6F1210064BE6E /* AppDelegate.swift */ = {isa = PBXFileReference; lastKnownFileType = sourcecode.swift; path = AppDelegate.swift; sourceTree = "<group>"; };
		AFE25EAC22C6F1210064BE6E /* Base */ = {isa = PBXFileReference; lastKnownFileType = file.storyboard; name = Base; path = Base.lproj/Main.storyboard; sourceTree = "<group>"; };
		AFE25EAF22C6F1210064BE6E /* SwiftQueueExample.xcdatamodel */ = {isa = PBXFileReference; lastKnownFileType = wrapper.xcdatamodel; path = SwiftQueueExample.xcdatamodel; sourceTree = "<group>"; };
		AFE25EB122C6F1230064BE6E /* Assets.xcassets */ = {isa = PBXFileReference; lastKnownFileType = folder.assetcatalog; path = Assets.xcassets; sourceTree = "<group>"; };
		AFE25EB422C6F1230064BE6E /* Base */ = {isa = PBXFileReference; lastKnownFileType = file.storyboard; name = Base; path = Base.lproj/LaunchScreen.storyboard; sourceTree = "<group>"; };
		AFE25EB622C6F1230064BE6E /* Info.plist */ = {isa = PBXFileReference; lastKnownFileType = text.plist.xml; path = Info.plist; sourceTree = "<group>"; };
		AFE25EBB22C6F1240064BE6E /* SwiftQueueExampleTests.xctest */ = {isa = PBXFileReference; explicitFileType = wrapper.cfbundle; includeInIndex = 0; path = SwiftQueueExampleTests.xctest; sourceTree = BUILT_PRODUCTS_DIR; };
		AFE25EBF22C6F1240064BE6E /* SwiftQueueExampleTests.swift */ = {isa = PBXFileReference; lastKnownFileType = sourcecode.swift; path = SwiftQueueExampleTests.swift; sourceTree = "<group>"; };
		AFE25EC122C6F1240064BE6E /* Info.plist */ = {isa = PBXFileReference; lastKnownFileType = text.plist.xml; path = Info.plist; sourceTree = "<group>"; };
		AFE25EC622C6F1240064BE6E /* SwiftQueueExampleUITests.xctest */ = {isa = PBXFileReference; explicitFileType = wrapper.cfbundle; includeInIndex = 0; path = SwiftQueueExampleUITests.xctest; sourceTree = BUILT_PRODUCTS_DIR; };
		AFE25ECA22C6F1240064BE6E /* SwiftQueueExampleUITests.swift */ = {isa = PBXFileReference; lastKnownFileType = sourcecode.swift; path = SwiftQueueExampleUITests.swift; sourceTree = "<group>"; };
		AFE25ECC22C6F1240064BE6E /* Info.plist */ = {isa = PBXFileReference; lastKnownFileType = text.plist.xml; path = Info.plist; sourceTree = "<group>"; };
		AFE25EE322C70D850064BE6E /* BaseViewController.swift */ = {isa = PBXFileReference; lastKnownFileType = sourcecode.swift; path = BaseViewController.swift; sourceTree = "<group>"; };
		AFE25EE622C70F330064BE6E /* SelectPhotoCollectionVC.swift */ = {isa = PBXFileReference; lastKnownFileType = sourcecode.swift; path = SelectPhotoCollectionVC.swift; sourceTree = "<group>"; };
		AFE25EE822C70F6C0064BE6E /* PhotoCollectionCell.swift */ = {isa = PBXFileReference; lastKnownFileType = sourcecode.swift; path = PhotoCollectionCell.swift; sourceTree = "<group>"; };
		AFE424F422EF189D00815A39 /* PhotoLibraryHelper.swift */ = {isa = PBXFileReference; lastKnownFileType = sourcecode.swift; path = PhotoLibraryHelper.swift; sourceTree = "<group>"; };
		AFE424F622EF18B200815A39 /* PhotoLibraryHelperProtocol.swift */ = {isa = PBXFileReference; lastKnownFileType = sourcecode.swift; path = PhotoLibraryHelperProtocol.swift; sourceTree = "<group>"; };
		AFE424F822EF193C00815A39 /* PhotoAuthorizationStatus.swift */ = {isa = PBXFileReference; lastKnownFileType = sourcecode.swift; path = PhotoAuthorizationStatus.swift; sourceTree = "<group>"; };
		AFF2E84622CA188E00B78383 /* UIViewController.swift */ = {isa = PBXFileReference; lastKnownFileType = sourcecode.swift; path = UIViewController.swift; sourceTree = "<group>"; };
		D7482F0C9ABEA47075CDF06F /* Pods-SwiftQueueExampleTests.debug.xcconfig */ = {isa = PBXFileReference; includeInIndex = 1; lastKnownFileType = text.xcconfig; name = "Pods-SwiftQueueExampleTests.debug.xcconfig"; path = "Target Support Files/Pods-SwiftQueueExampleTests/Pods-SwiftQueueExampleTests.debug.xcconfig"; sourceTree = "<group>"; };
		E6A7D4EEAE172AB7C76DAEF1 /* Pods-SwiftQueueExampleTests.release.xcconfig */ = {isa = PBXFileReference; includeInIndex = 1; lastKnownFileType = text.xcconfig; name = "Pods-SwiftQueueExampleTests.release.xcconfig"; path = "Target Support Files/Pods-SwiftQueueExampleTests/Pods-SwiftQueueExampleTests.release.xcconfig"; sourceTree = "<group>"; };
		F055D1633C0BE7D4338FE033 /* Pods_SwiftQueueExampleTests.framework */ = {isa = PBXFileReference; explicitFileType = wrapper.framework; includeInIndex = 0; path = Pods_SwiftQueueExampleTests.framework; sourceTree = BUILT_PRODUCTS_DIR; };
/* End PBXFileReference section */

/* Begin PBXFrameworksBuildPhase section */
		AFE25EA122C6F1210064BE6E /* Frameworks */ = {
			isa = PBXFrameworksBuildPhase;
			buildActionMask = 2147483647;
			files = (
				FEAB33A6ED69FE6AD1AAE66B /* Pods_SwiftQueueExample.framework in Frameworks */,
			);
			runOnlyForDeploymentPostprocessing = 0;
		};
		AFE25EB822C6F1240064BE6E /* Frameworks */ = {
			isa = PBXFrameworksBuildPhase;
			buildActionMask = 2147483647;
			files = (
				12285E250E56098BD442DFB2 /* Pods_SwiftQueueExampleTests.framework in Frameworks */,
			);
			runOnlyForDeploymentPostprocessing = 0;
		};
		AFE25EC322C6F1240064BE6E /* Frameworks */ = {
			isa = PBXFrameworksBuildPhase;
			buildActionMask = 2147483647;
			files = (
				F9F252BB4125D58E752719AC /* Pods_SwiftQueueExampleUITests.framework in Frameworks */,
			);
			runOnlyForDeploymentPostprocessing = 0;
		};
/* End PBXFrameworksBuildPhase section */

/* Begin PBXGroup section */
		1DDF4C9019899E1B4F0913B0 /* Pods */ = {
			isa = PBXGroup;
			children = (
				1CB800617C739752FDE635C1 /* Pods-SwiftQueueExample.debug.xcconfig */,
				A6E29CC465D750A3DAE32165 /* Pods-SwiftQueueExample.release.xcconfig */,
				D7482F0C9ABEA47075CDF06F /* Pods-SwiftQueueExampleTests.debug.xcconfig */,
				E6A7D4EEAE172AB7C76DAEF1 /* Pods-SwiftQueueExampleTests.release.xcconfig */,
				0A87CBB801A73FCCD41C949F /* Pods-SwiftQueueExampleUITests.debug.xcconfig */,
				3F6BB682F1B4843467C4BC10 /* Pods-SwiftQueueExampleUITests.release.xcconfig */,
			);
			path = Pods;
			sourceTree = "<group>";
		};
		7C8BF3CAD33C32D5A3BF0670 /* Frameworks */ = {
			isa = PBXGroup;
			children = (
				62039DD339180FAB779C58B6 /* Pods_SwiftQueueExample.framework */,
				F055D1633C0BE7D4338FE033 /* Pods_SwiftQueueExampleTests.framework */,
				4FDC206DBCBD6524E0ADEA7A /* Pods_SwiftQueueExampleUITests.framework */,
			);
			name = Frameworks;
			sourceTree = "<group>";
		};
		AF373BFB22C716B2000A5AD7 /* Models */ = {
			isa = PBXGroup;
			children = (
				AF373C0A22C71BFA000A5AD7 /* ImageModel.swift */,
				AF373C0C22C71F75000A5AD7 /* SelectPhotoModel.swift */,
			);
			path = Models;
			sourceTree = "<group>";
		};
		AF373BFC22C716BA000A5AD7 /* ViewModel */ = {
			isa = PBXGroup;
			children = (
				AF373BFF22C71963000A5AD7 /* BaseViewModelProtocol.swift */,
				AF373BFD22C71953000A5AD7 /* BaseViewModel.swift */,
				AF373C0322C71998000A5AD7 /* SelectPhotoViewModelProtocol.swift */,
				AF373C0122C71980000A5AD7 /* SelectPhotoViewModel.swift */,
			);
			path = ViewModel;
			sourceTree = "<group>";
		};
		AF373C0522C71B1D000A5AD7 /* ImageManager */ = {
			isa = PBXGroup;
			children = (
				AFE424F322EF188B00815A39 /* PhotoLibraryHelper */,
				AF373C0822C71B49000A5AD7 /* ImageManagerProtocol.swift */,
				AF373C0622C71B2C000A5AD7 /* ImageManager.swift */,
			);
			path = ImageManager;
			sourceTree = "<group>";
		};
		AF373C0F22C77467000A5AD7 /* ApiHandler */ = {
			isa = PBXGroup;
			children = (
				AF373C1222C774B1000A5AD7 /* BaseApiHandlerProtocol.swift */,
				AF373C1022C77479000A5AD7 /* BaseApiHandler.swift */,
			);
			path = ApiHandler;
			sourceTree = "<group>";
		};
		AF373C1622C77DAB000A5AD7 /* Service */ = {
			isa = PBXGroup;
			children = (
				AF373C2022C79E7D000A5AD7 /* WebService */,
				AF373C0F22C77467000A5AD7 /* ApiHandler */,
			);
			path = Service;
			sourceTree = "<group>";
		};
		AF373C2022C79E7D000A5AD7 /* WebService */ = {
			isa = PBXGroup;
			children = (
				AF373C1722C77DC4000A5AD7 /* WebServiceProtocol.swift */,
				AF373C1922C77DD9000A5AD7 /* WebService.swift */,
			);
			path = WebService;
			sourceTree = "<group>";
		};
		AF373C2122C7A005000A5AD7 /* SwiftQueueHandler */ = {
			isa = PBXGroup;
			children = (
				AF373C2222C7A005000A5AD7 /* QueueManager */,
				AF373C2622C7A005000A5AD7 /* JobScheduler */,
				AF373C2922C7A005000A5AD7 /* JobHelper */,
			);
			path = SwiftQueueHandler;
			sourceTree = "<group>";
		};
		AF373C2222C7A005000A5AD7 /* QueueManager */ = {
			isa = PBXGroup;
			children = (
				AF373C2322C7A005000A5AD7 /* QueueManager.swift */,
				AF373C2422C7A005000A5AD7 /* QueueManagerBuilder.swift */,
				AF373C2522C7A005000A5AD7 /* QueueManagerProtocol.swift */,
			);
			path = QueueManager;
			sourceTree = "<group>";
		};
		AF373C2622C7A005000A5AD7 /* JobScheduler */ = {
			isa = PBXGroup;
			children = (
				AF373C2722C7A005000A5AD7 /* QueueJobCreator.swift */,
				AF373C2822C7A005000A5AD7 /* JobHandler.swift */,
			);
			path = JobScheduler;
			sourceTree = "<group>";
		};
		AF373C2922C7A005000A5AD7 /* JobHelper */ = {
			isa = PBXGroup;
			children = (
				AF373C2A22C7A005000A5AD7 /* JobModel.swift */,
				AF373C2B22C7A005000A5AD7 /* JobType.swift */,
				AF373C2C22C7A005000A5AD7 /* JobProtocol.swift */,
			);
			path = JobHelper;
			sourceTree = "<group>";
		};
		AF567B7D22D4158E006EB878 /* Utility */ = {
			isa = PBXGroup;
			children = (
				AF18C88B22C84BD8008C8B55 /* MaterializedSequenceResult.swift */,
			);
			name = Utility;
			sourceTree = "<group>";
		};
		AFB5207E22C87794004E6509 /* Mocks */ = {
			isa = PBXGroup;
			children = (
				AF18C88622C840AC008C8B55 /* GeneratedMocks.swift */,
				AFB5207F22C877C1004E6509 /* MockData.swift */,
				AFB5208322C884E3004E6509 /* MockJobResult.swift */,
			);
			name = Mocks;
			sourceTree = "<group>";
		};
		AFC165DA22C837A000FE462F /* BuildScripts */ = {
			isa = PBXGroup;
			children = (
				AFC165DB22C837C200FE462F /* Cuckoo-GeneratedMocks.sh */,
			);
			name = BuildScripts;
			sourceTree = "<group>";
		};
		AFE25E9B22C6F1210064BE6E = {
			isa = PBXGroup;
			children = (
				AFC165DA22C837A000FE462F /* BuildScripts */,
				AF373BF822C715BF000A5AD7 /* .swiftlint.yml */,
				AFE25EA622C6F1210064BE6E /* SwiftQueueExample */,
				AFE25EBE22C6F1240064BE6E /* SwiftQueueExampleTests */,
				AFE25EC922C6F1240064BE6E /* SwiftQueueExampleUITests */,
				AFE25EA522C6F1210064BE6E /* Products */,
				1DDF4C9019899E1B4F0913B0 /* Pods */,
				7C8BF3CAD33C32D5A3BF0670 /* Frameworks */,
			);
			sourceTree = "<group>";
		};
		AFE25EA522C6F1210064BE6E /* Products */ = {
			isa = PBXGroup;
			children = (
				AFE25EA422C6F1210064BE6E /* SwiftQueueExample.app */,
				AFE25EBB22C6F1240064BE6E /* SwiftQueueExampleTests.xctest */,
				AFE25EC622C6F1240064BE6E /* SwiftQueueExampleUITests.xctest */,
			);
			name = Products;
			sourceTree = "<group>";
		};
		AFE25EA622C6F1210064BE6E /* SwiftQueueExample */ = {
			isa = PBXGroup;
			children = (
				AFF2E84522CA187A00B78383 /* Extension */,
				AF373C2122C7A005000A5AD7 /* SwiftQueueHandler */,
				AF373C1622C77DAB000A5AD7 /* Service */,
				AF373C0522C71B1D000A5AD7 /* ImageManager */,
				AF373BFB22C716B2000A5AD7 /* Models */,
				AF373BFC22C716BA000A5AD7 /* ViewModel */,
				AFE25EE022C70AE30064BE6E /* ViewController */,
				AFE25EE522C70EFE0064BE6E /* Cell */,
				AFE25ED922C6F8720064BE6E /* Resources */,
				AFE25EA722C6F1210064BE6E /* AppDelegate.swift */,
				AFE25EAB22C6F1210064BE6E /* Main.storyboard */,
				AFE25EB122C6F1230064BE6E /* Assets.xcassets */,
				AFE25EB322C6F1230064BE6E /* LaunchScreen.storyboard */,
				AFE25EB622C6F1230064BE6E /* Info.plist */,
				AFE25EAE22C6F1210064BE6E /* SwiftQueueExample.xcdatamodeld */,
			);
			path = SwiftQueueExample;
			sourceTree = "<group>";
		};
		AFE25EBE22C6F1240064BE6E /* SwiftQueueExampleTests */ = {
			isa = PBXGroup;
			children = (
				AF567B7D22D4158E006EB878 /* Utility */,
				AFB5207E22C87794004E6509 /* Mocks */,
				AF18C88822C8453F008C8B55 /* BaseApiHandlerTests.swift */,
				AFB5207822C86063004E6509 /* BaseViewModelTests.swift */,
				AFB5207C22C873EB004E6509 /* SelectPhotoViewModelTests.swift */,
				AFB5208122C88308004E6509 /* JobHandlerTests.swift */,
				AFB5208522C88AD1004E6509 /* QueueManagerTests.swift */,
				AFE25EBF22C6F1240064BE6E /* SwiftQueueExampleTests.swift */,
				AFE25EC122C6F1240064BE6E /* Info.plist */,
			);
			path = SwiftQueueExampleTests;
			sourceTree = "<group>";
		};
		AFE25EC922C6F1240064BE6E /* SwiftQueueExampleUITests */ = {
			isa = PBXGroup;
			children = (
				AFE25ECA22C6F1240064BE6E /* SwiftQueueExampleUITests.swift */,
				AFE25ECC22C6F1240064BE6E /* Info.plist */,
			);
			path = SwiftQueueExampleUITests;
			sourceTree = "<group>";
		};
		AFE25ED922C6F8720064BE6E /* Resources */ = {
			isa = PBXGroup;
			children = (
			);
			path = Resources;
			sourceTree = "<group>";
		};
		AFE25EE022C70AE30064BE6E /* ViewController */ = {
			isa = PBXGroup;
			children = (
				AFE25EE322C70D850064BE6E /* BaseViewController.swift */,
				AFE25EE622C70F330064BE6E /* SelectPhotoCollectionVC.swift */,
			);
			path = ViewController;
			sourceTree = "<group>";
		};
		AFE25EE522C70EFE0064BE6E /* Cell */ = {
			isa = PBXGroup;
			children = (
				AFE25EE822C70F6C0064BE6E /* PhotoCollectionCell.swift */,
			);
			path = Cell;
			sourceTree = "<group>";
		};
		AFE424F322EF188B00815A39 /* PhotoLibraryHelper */ = {
			isa = PBXGroup;
			children = (
				AFE424F822EF193C00815A39 /* PhotoAuthorizationStatus.swift */,
				AFE424F622EF18B200815A39 /* PhotoLibraryHelperProtocol.swift */,
				AFE424F422EF189D00815A39 /* PhotoLibraryHelper.swift */,
			);
			path = PhotoLibraryHelper;
			sourceTree = "<group>";
		};
		AFF2E84522CA187A00B78383 /* Extension */ = {
			isa = PBXGroup;
			children = (
				AFF2E84622CA188E00B78383 /* UIViewController.swift */,
			);
			path = Extension;
			sourceTree = "<group>";
		};
/* End PBXGroup section */

/* Begin PBXNativeTarget section */
		AFE25EA322C6F1210064BE6E /* SwiftQueueExample */ = {
			isa = PBXNativeTarget;
			buildConfigurationList = AFE25ECF22C6F1240064BE6E /* Build configuration list for PBXNativeTarget "SwiftQueueExample" */;
			buildPhases = (
				8778999D838DC98ADFDA1642 /* [CP] Check Pods Manifest.lock */,
				AFE25EA022C6F1210064BE6E /* Sources */,
				AFE25EA122C6F1210064BE6E /* Frameworks */,
				AFE25EA222C6F1210064BE6E /* Resources */,
				E0342837FC83C3937F934F01 /* [CP] Embed Pods Frameworks */,
			);
			buildRules = (
			);
			dependencies = (
			);
			name = SwiftQueueExample;
			productName = SwiftQueueExample;
			productReference = AFE25EA422C6F1210064BE6E /* SwiftQueueExample.app */;
			productType = "com.apple.product-type.application";
		};
		AFE25EBA22C6F1240064BE6E /* SwiftQueueExampleTests */ = {
			isa = PBXNativeTarget;
			buildConfigurationList = AFE25ED222C6F1240064BE6E /* Build configuration list for PBXNativeTarget "SwiftQueueExampleTests" */;
			buildPhases = (
				E3FA6D17EC6507FEB3905551 /* [CP] Check Pods Manifest.lock */,
				AFE25EB722C6F1240064BE6E /* Sources */,
				AFE25EB822C6F1240064BE6E /* Frameworks */,
				AFE25EB922C6F1240064BE6E /* Resources */,
				E341BF32461E4C4E8000B95D /* [CP] Embed Pods Frameworks */,
			);
			buildRules = (
			);
			dependencies = (
				AFE25EBD22C6F1240064BE6E /* PBXTargetDependency */,
			);
			name = SwiftQueueExampleTests;
			productName = SwiftQueueExampleTests;
			productReference = AFE25EBB22C6F1240064BE6E /* SwiftQueueExampleTests.xctest */;
			productType = "com.apple.product-type.bundle.unit-test";
		};
		AFE25EC522C6F1240064BE6E /* SwiftQueueExampleUITests */ = {
			isa = PBXNativeTarget;
			buildConfigurationList = AFE25ED522C6F1240064BE6E /* Build configuration list for PBXNativeTarget "SwiftQueueExampleUITests" */;
			buildPhases = (
				8B25D1DDCD6D831827BACC83 /* [CP] Check Pods Manifest.lock */,
				AFE25EC222C6F1240064BE6E /* Sources */,
				AFE25EC322C6F1240064BE6E /* Frameworks */,
				AFE25EC422C6F1240064BE6E /* Resources */,
				AF812B612302C880006EF951 /* ShellScript */,
			);
			buildRules = (
			);
			dependencies = (
				AFE25EC822C6F1240064BE6E /* PBXTargetDependency */,
			);
			name = SwiftQueueExampleUITests;
			productName = SwiftQueueExampleUITests;
			productReference = AFE25EC622C6F1240064BE6E /* SwiftQueueExampleUITests.xctest */;
			productType = "com.apple.product-type.bundle.ui-testing";
		};
/* End PBXNativeTarget section */

/* Begin PBXProject section */
		AFE25E9C22C6F1210064BE6E /* Project object */ = {
			isa = PBXProject;
			attributes = {
				LastSwiftUpdateCheck = 1020;
				LastUpgradeCheck = 1020;
				ORGANIZATIONNAME = NischalHada;
				TargetAttributes = {
					AFE25EA322C6F1210064BE6E = {
						CreatedOnToolsVersion = 10.2.1;
					};
					AFE25EBA22C6F1240064BE6E = {
						CreatedOnToolsVersion = 10.2.1;
						TestTargetID = AFE25EA322C6F1210064BE6E;
					};
					AFE25EC522C6F1240064BE6E = {
						CreatedOnToolsVersion = 10.2.1;
						TestTargetID = AFE25EA322C6F1210064BE6E;
					};
				};
			};
			buildConfigurationList = AFE25E9F22C6F1210064BE6E /* Build configuration list for PBXProject "SwiftQueueExample" */;
			compatibilityVersion = "Xcode 9.3";
			developmentRegion = en;
			hasScannedForEncodings = 0;
			knownRegions = (
				en,
				Base,
			);
			mainGroup = AFE25E9B22C6F1210064BE6E;
			productRefGroup = AFE25EA522C6F1210064BE6E /* Products */;
			projectDirPath = "";
			projectRoot = "";
			targets = (
				AFE25EA322C6F1210064BE6E /* SwiftQueueExample */,
				AFE25EBA22C6F1240064BE6E /* SwiftQueueExampleTests */,
				AFE25EC522C6F1240064BE6E /* SwiftQueueExampleUITests */,
			);
		};
/* End PBXProject section */

/* Begin PBXResourcesBuildPhase section */
		AFE25EA222C6F1210064BE6E /* Resources */ = {
			isa = PBXResourcesBuildPhase;
			buildActionMask = 2147483647;
			files = (
				AFE25EB522C6F1230064BE6E /* LaunchScreen.storyboard in Resources */,
				AFE25EB222C6F1230064BE6E /* Assets.xcassets in Resources */,
				AFE25EAD22C6F1210064BE6E /* Main.storyboard in Resources */,
			);
			runOnlyForDeploymentPostprocessing = 0;
		};
		AFE25EB922C6F1240064BE6E /* Resources */ = {
			isa = PBXResourcesBuildPhase;
			buildActionMask = 2147483647;
			files = (
			);
			runOnlyForDeploymentPostprocessing = 0;
		};
		AFE25EC422C6F1240064BE6E /* Resources */ = {
			isa = PBXResourcesBuildPhase;
			buildActionMask = 2147483647;
			files = (
			);
			runOnlyForDeploymentPostprocessing = 0;
		};
/* End PBXResourcesBuildPhase section */

/* Begin PBXShellScriptBuildPhase section */
		8778999D838DC98ADFDA1642 /* [CP] Check Pods Manifest.lock */ = {
			isa = PBXShellScriptBuildPhase;
			buildActionMask = 2147483647;
			files = (
			);
			inputFileListPaths = (
			);
			inputPaths = (
				"${PODS_PODFILE_DIR_PATH}/Podfile.lock",
				"${PODS_ROOT}/Manifest.lock",
			);
			name = "[CP] Check Pods Manifest.lock";
			outputFileListPaths = (
			);
			outputPaths = (
				"$(DERIVED_FILE_DIR)/Pods-SwiftQueueExample-checkManifestLockResult.txt",
			);
			runOnlyForDeploymentPostprocessing = 0;
			shellPath = /bin/sh;
			shellScript = "diff \"${PODS_PODFILE_DIR_PATH}/Podfile.lock\" \"${PODS_ROOT}/Manifest.lock\" > /dev/null\nif [ $? != 0 ] ; then\n    # print error to STDERR\n    echo \"error: The sandbox is not in sync with the Podfile.lock. Run 'pod install' or update your CocoaPods installation.\" >&2\n    exit 1\nfi\n# This output is used by Xcode 'outputs' to avoid re-running this script phase.\necho \"SUCCESS\" > \"${SCRIPT_OUTPUT_FILE_0}\"\n";
			showEnvVarsInLog = 0;
		};
		8B25D1DDCD6D831827BACC83 /* [CP] Check Pods Manifest.lock */ = {
			isa = PBXShellScriptBuildPhase;
			buildActionMask = 2147483647;
			files = (
			);
			inputFileListPaths = (
			);
			inputPaths = (
				"${PODS_PODFILE_DIR_PATH}/Podfile.lock",
				"${PODS_ROOT}/Manifest.lock",
			);
			name = "[CP] Check Pods Manifest.lock";
			outputFileListPaths = (
			);
			outputPaths = (
				"$(DERIVED_FILE_DIR)/Pods-SwiftQueueExampleUITests-checkManifestLockResult.txt",
			);
			runOnlyForDeploymentPostprocessing = 0;
			shellPath = /bin/sh;
			shellScript = "diff \"${PODS_PODFILE_DIR_PATH}/Podfile.lock\" \"${PODS_ROOT}/Manifest.lock\" > /dev/null\nif [ $? != 0 ] ; then\n    # print error to STDERR\n    echo \"error: The sandbox is not in sync with the Podfile.lock. Run 'pod install' or update your CocoaPods installation.\" >&2\n    exit 1\nfi\n# This output is used by Xcode 'outputs' to avoid re-running this script phase.\necho \"SUCCESS\" > \"${SCRIPT_OUTPUT_FILE_0}\"\n";
			showEnvVarsInLog = 0;
		};
		AF812B612302C880006EF951 /* ShellScript */ = {
			isa = PBXShellScriptBuildPhase;
			buildActionMask = 2147483647;
			files = (
			);
			inputFileListPaths = (
			);
			inputPaths = (
			);
			outputFileListPaths = (
			);
			outputPaths = (
			);
			runOnlyForDeploymentPostprocessing = 0;
			shellPath = /bin/sh;
			shellScript = "\"${PODS_ROOT}/Target Support Files/Pods-SwiftQueueExample/Pods-SwiftQueueExample-frameworks.sh\"\n\n";
		};
		E0342837FC83C3937F934F01 /* [CP] Embed Pods Frameworks */ = {
			isa = PBXShellScriptBuildPhase;
			buildActionMask = 2147483647;
			files = (
			);
			inputFileListPaths = (
				"${PODS_ROOT}/Target Support Files/Pods-SwiftQueueExample/Pods-SwiftQueueExample-frameworks-${CONFIGURATION}-input-files.xcfilelist",
			);
			name = "[CP] Embed Pods Frameworks";
			outputFileListPaths = (
				"${PODS_ROOT}/Target Support Files/Pods-SwiftQueueExample/Pods-SwiftQueueExample-frameworks-${CONFIGURATION}-output-files.xcfilelist",
			);
			runOnlyForDeploymentPostprocessing = 0;
			shellPath = /bin/sh;
			shellScript = "\"${PODS_ROOT}/Target Support Files/Pods-SwiftQueueExample/Pods-SwiftQueueExample-frameworks.sh\"\n";
			showEnvVarsInLog = 0;
		};
		E341BF32461E4C4E8000B95D /* [CP] Embed Pods Frameworks */ = {
			isa = PBXShellScriptBuildPhase;
			buildActionMask = 2147483647;
			files = (
			);
			inputFileListPaths = (
				"${PODS_ROOT}/Target Support Files/Pods-SwiftQueueExampleTests/Pods-SwiftQueueExampleTests-frameworks-${CONFIGURATION}-input-files.xcfilelist",
			);
			name = "[CP] Embed Pods Frameworks";
			outputFileListPaths = (
				"${PODS_ROOT}/Target Support Files/Pods-SwiftQueueExampleTests/Pods-SwiftQueueExampleTests-frameworks-${CONFIGURATION}-output-files.xcfilelist",
			);
			runOnlyForDeploymentPostprocessing = 0;
			shellPath = /bin/sh;
			shellScript = "\"${PODS_ROOT}/Target Support Files/Pods-SwiftQueueExampleTests/Pods-SwiftQueueExampleTests-frameworks.sh\"\n";
			showEnvVarsInLog = 0;
		};
		E3FA6D17EC6507FEB3905551 /* [CP] Check Pods Manifest.lock */ = {
			isa = PBXShellScriptBuildPhase;
			buildActionMask = 2147483647;
			files = (
			);
			inputFileListPaths = (
			);
			inputPaths = (
				"${PODS_PODFILE_DIR_PATH}/Podfile.lock",
				"${PODS_ROOT}/Manifest.lock",
			);
			name = "[CP] Check Pods Manifest.lock";
			outputFileListPaths = (
			);
			outputPaths = (
				"$(DERIVED_FILE_DIR)/Pods-SwiftQueueExampleTests-checkManifestLockResult.txt",
			);
			runOnlyForDeploymentPostprocessing = 0;
			shellPath = /bin/sh;
			shellScript = "diff \"${PODS_PODFILE_DIR_PATH}/Podfile.lock\" \"${PODS_ROOT}/Manifest.lock\" > /dev/null\nif [ $? != 0 ] ; then\n    # print error to STDERR\n    echo \"error: The sandbox is not in sync with the Podfile.lock. Run 'pod install' or update your CocoaPods installation.\" >&2\n    exit 1\nfi\n# This output is used by Xcode 'outputs' to avoid re-running this script phase.\necho \"SUCCESS\" > \"${SCRIPT_OUTPUT_FILE_0}\"\n";
			showEnvVarsInLog = 0;
		};
/* End PBXShellScriptBuildPhase section */

/* Begin PBXSourcesBuildPhase section */
		AFE25EA022C6F1210064BE6E /* Sources */ = {
			isa = PBXSourcesBuildPhase;
			buildActionMask = 2147483647;
			files = (
				AF373C2F22C7A005000A5AD7 /* QueueManagerProtocol.swift in Sources */,
				AFE25EE922C70F6C0064BE6E /* PhotoCollectionCell.swift in Sources */,
				AF373C3022C7A005000A5AD7 /* QueueJobCreator.swift in Sources */,
				AF373C3222C7A005000A5AD7 /* JobModel.swift in Sources */,
				AFE424F722EF18B200815A39 /* PhotoLibraryHelperProtocol.swift in Sources */,
				AF373C0722C71B2C000A5AD7 /* ImageManager.swift in Sources */,
				AF373C1122C77479000A5AD7 /* BaseApiHandler.swift in Sources */,
				AF373C0D22C71F75000A5AD7 /* SelectPhotoModel.swift in Sources */,
				AF373C1A22C77DD9000A5AD7 /* WebService.swift in Sources */,
				AF373C1822C77DC4000A5AD7 /* WebServiceProtocol.swift in Sources */,
				AFE25EE422C70D850064BE6E /* BaseViewController.swift in Sources */,
				AFE25EE722C70F330064BE6E /* SelectPhotoCollectionVC.swift in Sources */,
				AF373C0222C71980000A5AD7 /* SelectPhotoViewModel.swift in Sources */,
				AF373C0422C71998000A5AD7 /* SelectPhotoViewModelProtocol.swift in Sources */,
				AFE424F522EF189D00815A39 /* PhotoLibraryHelper.swift in Sources */,
				AFE25EA822C6F1210064BE6E /* AppDelegate.swift in Sources */,
				AF373C0B22C71BFA000A5AD7 /* ImageModel.swift in Sources */,
				AF373C1322C774B1000A5AD7 /* BaseApiHandlerProtocol.swift in Sources */,
				AF373C3422C7A005000A5AD7 /* JobProtocol.swift in Sources */,
				AF373C3122C7A005000A5AD7 /* JobHandler.swift in Sources */,
				AF373C0922C71B49000A5AD7 /* ImageManagerProtocol.swift in Sources */,
				AFE424F922EF193C00815A39 /* PhotoAuthorizationStatus.swift in Sources */,
				AFE25EB022C6F1210064BE6E /* SwiftQueueExample.xcdatamodeld in Sources */,
				AFF2E84722CA188E00B78383 /* UIViewController.swift in Sources */,
				AF373C2E22C7A005000A5AD7 /* QueueManagerBuilder.swift in Sources */,
				AF373C0022C71963000A5AD7 /* BaseViewModelProtocol.swift in Sources */,
				AF373C2D22C7A005000A5AD7 /* QueueManager.swift in Sources */,
				AF373C3322C7A005000A5AD7 /* JobType.swift in Sources */,
				AF373BFE22C71953000A5AD7 /* BaseViewModel.swift in Sources */,
			);
			runOnlyForDeploymentPostprocessing = 0;
		};
		AFE25EB722C6F1240064BE6E /* Sources */ = {
			isa = PBXSourcesBuildPhase;
			buildActionMask = 2147483647;
			files = (
				AF18C88C22C84BD8008C8B55 /* MaterializedSequenceResult.swift in Sources */,
				AFB5208022C877C1004E6509 /* MockData.swift in Sources */,
				AFB5208422C884E3004E6509 /* MockJobResult.swift in Sources */,
				AFB5207922C86063004E6509 /* BaseViewModelTests.swift in Sources */,
				AFB5207D22C873EB004E6509 /* SelectPhotoViewModelTests.swift in Sources */,
				AF18C89022C84E26008C8B55 /* GeneratedMocks.swift in Sources */,
				AFB5208222C88308004E6509 /* JobHandlerTests.swift in Sources */,
				AF18C88922C8453F008C8B55 /* BaseApiHandlerTests.swift in Sources */,
				AFB5208622C88AD1004E6509 /* QueueManagerTests.swift in Sources */,
			);
			runOnlyForDeploymentPostprocessing = 0;
		};
		AFE25EC222C6F1240064BE6E /* Sources */ = {
			isa = PBXSourcesBuildPhase;
			buildActionMask = 2147483647;
			files = (
				AF18C88F22C84DD7008C8B55 /* SwiftQueueExampleUITests.swift in Sources */,
			);
			runOnlyForDeploymentPostprocessing = 0;
		};
/* End PBXSourcesBuildPhase section */

/* Begin PBXTargetDependency section */
		AFE25EBD22C6F1240064BE6E /* PBXTargetDependency */ = {
			isa = PBXTargetDependency;
			target = AFE25EA322C6F1210064BE6E /* SwiftQueueExample */;
			targetProxy = AFE25EBC22C6F1240064BE6E /* PBXContainerItemProxy */;
		};
		AFE25EC822C6F1240064BE6E /* PBXTargetDependency */ = {
			isa = PBXTargetDependency;
			target = AFE25EA322C6F1210064BE6E /* SwiftQueueExample */;
			targetProxy = AFE25EC722C6F1240064BE6E /* PBXContainerItemProxy */;
		};
/* End PBXTargetDependency section */

/* Begin PBXVariantGroup section */
		AFE25EAB22C6F1210064BE6E /* Main.storyboard */ = {
			isa = PBXVariantGroup;
			children = (
				AFE25EAC22C6F1210064BE6E /* Base */,
			);
			name = Main.storyboard;
			sourceTree = "<group>";
		};
		AFE25EB322C6F1230064BE6E /* LaunchScreen.storyboard */ = {
			isa = PBXVariantGroup;
			children = (
				AFE25EB422C6F1230064BE6E /* Base */,
			);
			name = LaunchScreen.storyboard;
			sourceTree = "<group>";
		};
/* End PBXVariantGroup section */

/* Begin XCBuildConfiguration section */
		AFE25ECD22C6F1240064BE6E /* Debug */ = {
			isa = XCBuildConfiguration;
			buildSettings = {
				ALWAYS_EMBED_SWIFT_STANDARD_LIBRARIES = YES;
				ALWAYS_SEARCH_USER_PATHS = NO;
				CLANG_ANALYZER_NONNULL = YES;
				CLANG_ANALYZER_NUMBER_OBJECT_CONVERSION = YES_AGGRESSIVE;
				CLANG_CXX_LANGUAGE_STANDARD = "gnu++14";
				CLANG_CXX_LIBRARY = "libc++";
				CLANG_ENABLE_MODULES = YES;
				CLANG_ENABLE_OBJC_ARC = YES;
				CLANG_ENABLE_OBJC_WEAK = YES;
				CLANG_WARN_BLOCK_CAPTURE_AUTORELEASING = YES;
				CLANG_WARN_BOOL_CONVERSION = YES;
				CLANG_WARN_COMMA = YES;
				CLANG_WARN_CONSTANT_CONVERSION = YES;
				CLANG_WARN_DEPRECATED_OBJC_IMPLEMENTATIONS = YES;
				CLANG_WARN_DIRECT_OBJC_ISA_USAGE = YES_ERROR;
				CLANG_WARN_DOCUMENTATION_COMMENTS = YES;
				CLANG_WARN_EMPTY_BODY = YES;
				CLANG_WARN_ENUM_CONVERSION = YES;
				CLANG_WARN_INFINITE_RECURSION = YES;
				CLANG_WARN_INT_CONVERSION = YES;
				CLANG_WARN_NON_LITERAL_NULL_CONVERSION = YES;
				CLANG_WARN_OBJC_IMPLICIT_RETAIN_SELF = YES;
				CLANG_WARN_OBJC_LITERAL_CONVERSION = YES;
				CLANG_WARN_OBJC_ROOT_CLASS = YES_ERROR;
				CLANG_WARN_RANGE_LOOP_ANALYSIS = YES;
				CLANG_WARN_STRICT_PROTOTYPES = YES;
				CLANG_WARN_SUSPICIOUS_MOVE = YES;
				CLANG_WARN_UNGUARDED_AVAILABILITY = YES_AGGRESSIVE;
				CLANG_WARN_UNREACHABLE_CODE = YES;
				CLANG_WARN__DUPLICATE_METHOD_MATCH = YES;
				CODE_SIGN_IDENTITY = "iPhone Developer";
				COPY_PHASE_STRIP = NO;
				DEBUG_INFORMATION_FORMAT = dwarf;
				ENABLE_STRICT_OBJC_MSGSEND = YES;
				ENABLE_TESTABILITY = YES;
				GCC_C_LANGUAGE_STANDARD = gnu11;
				GCC_DYNAMIC_NO_PIC = NO;
				GCC_NO_COMMON_BLOCKS = YES;
				GCC_OPTIMIZATION_LEVEL = 0;
				GCC_PREPROCESSOR_DEFINITIONS = (
					"DEBUG=1",
					"$(inherited)",
				);
				GCC_WARN_64_TO_32_BIT_CONVERSION = YES;
				GCC_WARN_ABOUT_RETURN_TYPE = YES_ERROR;
				GCC_WARN_UNDECLARED_SELECTOR = YES;
				GCC_WARN_UNINITIALIZED_AUTOS = YES_AGGRESSIVE;
				GCC_WARN_UNUSED_FUNCTION = YES;
				GCC_WARN_UNUSED_VARIABLE = YES;
				IPHONEOS_DEPLOYMENT_TARGET = 11.0;
				MTL_ENABLE_DEBUG_INFO = INCLUDE_SOURCE;
				MTL_FAST_MATH = YES;
				ONLY_ACTIVE_ARCH = YES;
				SDKROOT = iphoneos;
				SWIFT_ACTIVE_COMPILATION_CONDITIONS = DEBUG;
				SWIFT_OPTIMIZATION_LEVEL = "-Onone";
			};
			name = Debug;
		};
		AFE25ECE22C6F1240064BE6E /* Release */ = {
			isa = XCBuildConfiguration;
			buildSettings = {
				ALWAYS_EMBED_SWIFT_STANDARD_LIBRARIES = YES;
				ALWAYS_SEARCH_USER_PATHS = NO;
				CLANG_ANALYZER_NONNULL = YES;
				CLANG_ANALYZER_NUMBER_OBJECT_CONVERSION = YES_AGGRESSIVE;
				CLANG_CXX_LANGUAGE_STANDARD = "gnu++14";
				CLANG_CXX_LIBRARY = "libc++";
				CLANG_ENABLE_MODULES = YES;
				CLANG_ENABLE_OBJC_ARC = YES;
				CLANG_ENABLE_OBJC_WEAK = YES;
				CLANG_WARN_BLOCK_CAPTURE_AUTORELEASING = YES;
				CLANG_WARN_BOOL_CONVERSION = YES;
				CLANG_WARN_COMMA = YES;
				CLANG_WARN_CONSTANT_CONVERSION = YES;
				CLANG_WARN_DEPRECATED_OBJC_IMPLEMENTATIONS = YES;
				CLANG_WARN_DIRECT_OBJC_ISA_USAGE = YES_ERROR;
				CLANG_WARN_DOCUMENTATION_COMMENTS = YES;
				CLANG_WARN_EMPTY_BODY = YES;
				CLANG_WARN_ENUM_CONVERSION = YES;
				CLANG_WARN_INFINITE_RECURSION = YES;
				CLANG_WARN_INT_CONVERSION = YES;
				CLANG_WARN_NON_LITERAL_NULL_CONVERSION = YES;
				CLANG_WARN_OBJC_IMPLICIT_RETAIN_SELF = YES;
				CLANG_WARN_OBJC_LITERAL_CONVERSION = YES;
				CLANG_WARN_OBJC_ROOT_CLASS = YES_ERROR;
				CLANG_WARN_RANGE_LOOP_ANALYSIS = YES;
				CLANG_WARN_STRICT_PROTOTYPES = YES;
				CLANG_WARN_SUSPICIOUS_MOVE = YES;
				CLANG_WARN_UNGUARDED_AVAILABILITY = YES_AGGRESSIVE;
				CLANG_WARN_UNREACHABLE_CODE = YES;
				CLANG_WARN__DUPLICATE_METHOD_MATCH = YES;
				CODE_SIGN_IDENTITY = "iPhone Developer";
				COPY_PHASE_STRIP = NO;
				DEBUG_INFORMATION_FORMAT = "dwarf-with-dsym";
				ENABLE_NS_ASSERTIONS = NO;
				ENABLE_STRICT_OBJC_MSGSEND = YES;
				GCC_C_LANGUAGE_STANDARD = gnu11;
				GCC_NO_COMMON_BLOCKS = YES;
				GCC_WARN_64_TO_32_BIT_CONVERSION = YES;
				GCC_WARN_ABOUT_RETURN_TYPE = YES_ERROR;
				GCC_WARN_UNDECLARED_SELECTOR = YES;
				GCC_WARN_UNINITIALIZED_AUTOS = YES_AGGRESSIVE;
				GCC_WARN_UNUSED_FUNCTION = YES;
				GCC_WARN_UNUSED_VARIABLE = YES;
				IPHONEOS_DEPLOYMENT_TARGET = 11.0;
				MTL_ENABLE_DEBUG_INFO = NO;
				MTL_FAST_MATH = YES;
				SDKROOT = iphoneos;
				SWIFT_COMPILATION_MODE = wholemodule;
				SWIFT_OPTIMIZATION_LEVEL = "-O";
				VALIDATE_PRODUCT = YES;
			};
			name = Release;
		};
		AFE25ED022C6F1240064BE6E /* Debug */ = {
			isa = XCBuildConfiguration;
			baseConfigurationReference = 1CB800617C739752FDE635C1 /* Pods-SwiftQueueExample.debug.xcconfig */;
			buildSettings = {
				ALWAYS_EMBED_SWIFT_STANDARD_LIBRARIES = "$(inherited)";
				ASSETCATALOG_COMPILER_APPICON_NAME = AppIcon;
				CODE_SIGN_STYLE = Automatic;
				DEVELOPMENT_TEAM = 8K9W8TZ624;
				INFOPLIST_FILE = SwiftQueueExample/Info.plist;
				LD_RUNPATH_SEARCH_PATHS = (
					"$(inherited)",
					"@executable_path/Frameworks",
				);
				PRODUCT_BUNDLE_IDENTIFIER = Nischalhada.SwiftQueueExample;
				PRODUCT_NAME = "$(TARGET_NAME)";
				SWIFT_VERSION = 5.0;
				TARGETED_DEVICE_FAMILY = "1,2";
			};
			name = Debug;
		};
		AFE25ED122C6F1240064BE6E /* Release */ = {
			isa = XCBuildConfiguration;
			baseConfigurationReference = A6E29CC465D750A3DAE32165 /* Pods-SwiftQueueExample.release.xcconfig */;
			buildSettings = {
				ALWAYS_EMBED_SWIFT_STANDARD_LIBRARIES = "$(inherited)";
				ASSETCATALOG_COMPILER_APPICON_NAME = AppIcon;
				CODE_SIGN_STYLE = Automatic;
				DEVELOPMENT_TEAM = 8K9W8TZ624;
				INFOPLIST_FILE = SwiftQueueExample/Info.plist;
				LD_RUNPATH_SEARCH_PATHS = (
					"$(inherited)",
					"@executable_path/Frameworks",
				);
				PRODUCT_BUNDLE_IDENTIFIER = Nischalhada.SwiftQueueExample;
				PRODUCT_NAME = "$(TARGET_NAME)";
				SWIFT_VERSION = 5.0;
				TARGETED_DEVICE_FAMILY = "1,2";
			};
			name = Release;
		};
		AFE25ED322C6F1240064BE6E /* Debug */ = {
			isa = XCBuildConfiguration;
			baseConfigurationReference = D7482F0C9ABEA47075CDF06F /* Pods-SwiftQueueExampleTests.debug.xcconfig */;
			buildSettings = {
				ALWAYS_EMBED_SWIFT_STANDARD_LIBRARIES = "$(inherited)";
				BUNDLE_LOADER = "$(TEST_HOST)";
				CODE_SIGN_STYLE = Automatic;
				DEVELOPMENT_TEAM = 8K9W8TZ624;
				INFOPLIST_FILE = SwiftQueueExampleTests/Info.plist;
				LD_RUNPATH_SEARCH_PATHS = (
					"$(inherited)",
					"@executable_path/Frameworks",
					"@loader_path/Frameworks",
				);
				PRODUCT_BUNDLE_IDENTIFIER = Nischalhada.SwiftQueueExampleTests;
				PRODUCT_NAME = "$(TARGET_NAME)";
				SWIFT_VERSION = 5.0;
				TARGETED_DEVICE_FAMILY = "1,2";
				TEST_HOST = "$(BUILT_PRODUCTS_DIR)/SwiftQueueExample.app/SwiftQueueExample";
			};
			name = Debug;
		};
		AFE25ED422C6F1240064BE6E /* Release */ = {
			isa = XCBuildConfiguration;
			baseConfigurationReference = E6A7D4EEAE172AB7C76DAEF1 /* Pods-SwiftQueueExampleTests.release.xcconfig */;
			buildSettings = {
				ALWAYS_EMBED_SWIFT_STANDARD_LIBRARIES = "$(inherited)";
				BUNDLE_LOADER = "$(TEST_HOST)";
				CODE_SIGN_STYLE = Automatic;
				DEVELOPMENT_TEAM = 8K9W8TZ624;
				INFOPLIST_FILE = SwiftQueueExampleTests/Info.plist;
				LD_RUNPATH_SEARCH_PATHS = (
					"$(inherited)",
					"@executable_path/Frameworks",
					"@loader_path/Frameworks",
				);
				PRODUCT_BUNDLE_IDENTIFIER = Nischalhada.SwiftQueueExampleTests;
				PRODUCT_NAME = "$(TARGET_NAME)";
				SWIFT_VERSION = 5.0;
				TARGETED_DEVICE_FAMILY = "1,2";
				TEST_HOST = "$(BUILT_PRODUCTS_DIR)/SwiftQueueExample.app/SwiftQueueExample";
			};
			name = Release;
		};
		AFE25ED622C6F1240064BE6E /* Debug */ = {
			isa = XCBuildConfiguration;
			baseConfigurationReference = 0A87CBB801A73FCCD41C949F /* Pods-SwiftQueueExampleUITests.debug.xcconfig */;
			buildSettings = {
				ALWAYS_EMBED_SWIFT_STANDARD_LIBRARIES = "$(inherited)";
				CODE_SIGN_STYLE = Automatic;
				DEVELOPMENT_TEAM = 8K9W8TZ624;
				INFOPLIST_FILE = SwiftQueueExampleUITests/Info.plist;
				LD_RUNPATH_SEARCH_PATHS = (
					"$(inherited)",
					"@executable_path/Frameworks",
					"@loader_path/Frameworks",
				);
				PRODUCT_BUNDLE_IDENTIFIER = Nischalhada.SwiftQueueExampleUITests;
				PRODUCT_NAME = "$(TARGET_NAME)";
				SWIFT_VERSION = 5.0;
				TARGETED_DEVICE_FAMILY = "1,2";
				TEST_TARGET_NAME = SwiftQueueExample;
			};
			name = Debug;
		};
		AFE25ED722C6F1240064BE6E /* Release */ = {
			isa = XCBuildConfiguration;
			baseConfigurationReference = 3F6BB682F1B4843467C4BC10 /* Pods-SwiftQueueExampleUITests.release.xcconfig */;
			buildSettings = {
				ALWAYS_EMBED_SWIFT_STANDARD_LIBRARIES = "$(inherited)";
				CODE_SIGN_STYLE = Automatic;
				DEVELOPMENT_TEAM = 8K9W8TZ624;
				INFOPLIST_FILE = SwiftQueueExampleUITests/Info.plist;
				LD_RUNPATH_SEARCH_PATHS = (
					"$(inherited)",
					"@executable_path/Frameworks",
					"@loader_path/Frameworks",
				);
				PRODUCT_BUNDLE_IDENTIFIER = Nischalhada.SwiftQueueExampleUITests;
				PRODUCT_NAME = "$(TARGET_NAME)";
				SWIFT_VERSION = 5.0;
				TARGETED_DEVICE_FAMILY = "1,2";
				TEST_TARGET_NAME = SwiftQueueExample;
			};
			name = Release;
		};
/* End XCBuildConfiguration section */

/* Begin XCConfigurationList section */
		AFE25E9F22C6F1210064BE6E /* Build configuration list for PBXProject "SwiftQueueExample" */ = {
			isa = XCConfigurationList;
			buildConfigurations = (
				AFE25ECD22C6F1240064BE6E /* Debug */,
				AFE25ECE22C6F1240064BE6E /* Release */,
			);
			defaultConfigurationIsVisible = 0;
			defaultConfigurationName = Release;
		};
		AFE25ECF22C6F1240064BE6E /* Build configuration list for PBXNativeTarget "SwiftQueueExample" */ = {
			isa = XCConfigurationList;
			buildConfigurations = (
				AFE25ED022C6F1240064BE6E /* Debug */,
				AFE25ED122C6F1240064BE6E /* Release */,
			);
			defaultConfigurationIsVisible = 0;
			defaultConfigurationName = Release;
		};
		AFE25ED222C6F1240064BE6E /* Build configuration list for PBXNativeTarget "SwiftQueueExampleTests" */ = {
			isa = XCConfigurationList;
			buildConfigurations = (
				AFE25ED322C6F1240064BE6E /* Debug */,
				AFE25ED422C6F1240064BE6E /* Release */,
			);
			defaultConfigurationIsVisible = 0;
			defaultConfigurationName = Release;
		};
		AFE25ED522C6F1240064BE6E /* Build configuration list for PBXNativeTarget "SwiftQueueExampleUITests" */ = {
			isa = XCConfigurationList;
			buildConfigurations = (
				AFE25ED622C6F1240064BE6E /* Debug */,
				AFE25ED722C6F1240064BE6E /* Release */,
			);
			defaultConfigurationIsVisible = 0;
			defaultConfigurationName = Release;
		};
/* End XCConfigurationList section */

/* Begin XCVersionGroup section */
		AFE25EAE22C6F1210064BE6E /* SwiftQueueExample.xcdatamodeld */ = {
			isa = XCVersionGroup;
			children = (
				AFE25EAF22C6F1210064BE6E /* SwiftQueueExample.xcdatamodel */,
			);
			currentVersion = AFE25EAF22C6F1210064BE6E /* SwiftQueueExample.xcdatamodel */;
			path = SwiftQueueExample.xcdatamodeld;
			sourceTree = "<group>";
			versionGroupType = wrapper.xcdatamodel;
		};
/* End XCVersionGroup section */
	};
	rootObject = AFE25E9C22C6F1210064BE6E /* Project object */;
}
